// !$*UTF8*$!
{
	archiveVersion = 1;
	classes = {
	};
	objectVersion = 46;
	objects = {

/* Begin PBXBuildFile section */
		B00DB99118ED48EF00460930 /* Foundation.framework in Frameworks */ = {isa = PBXBuildFile; fileRef = B00DB99018ED48EF00460930 /* Foundation.framework */; };
		B00DB99318ED48EF00460930 /* CoreGraphics.framework in Frameworks */ = {isa = PBXBuildFile; fileRef = B00DB99218ED48EF00460930 /* CoreGraphics.framework */; };
		B00DB99518ED48EF00460930 /* UIKit.framework in Frameworks */ = {isa = PBXBuildFile; fileRef = B00DB99418ED48EF00460930 /* UIKit.framework */; };
		B00DB99718ED48EF00460930 /* SpriteKit.framework in Frameworks */ = {isa = PBXBuildFile; fileRef = B00DB99618ED48EF00460930 /* SpriteKit.framework */; };
		B00DB99D18ED48EF00460930 /* InfoPlist.strings in Resources */ = {isa = PBXBuildFile; fileRef = B00DB99B18ED48EF00460930 /* InfoPlist.strings */; };
		B00DB99F18ED48EF00460930 /* main.m in Sources */ = {isa = PBXBuildFile; fileRef = B00DB99E18ED48EF00460930 /* main.m */; };
		B00DB9A318ED48EF00460930 /* AppDelegate.m in Sources */ = {isa = PBXBuildFile; fileRef = B00DB9A218ED48EF00460930 /* AppDelegate.m */; };
		B00DB9A618ED48EF00460930 /* Main.storyboard in Resources */ = {isa = PBXBuildFile; fileRef = B00DB9A418ED48EF00460930 /* Main.storyboard */; };
		B00DB9A918ED48EF00460930 /* MainScreenController.m in Sources */ = {isa = PBXBuildFile; fileRef = B00DB9A818ED48EF00460930 /* MainScreenController.m */; };
		B00DB9AC18ED48EF00460930 /* GameScene.m in Sources */ = {isa = PBXBuildFile; fileRef = B00DB9AB18ED48EF00460930 /* GameScene.m */; };
		B00DB9B018ED48EF00460930 /* Images.xcassets in Resources */ = {isa = PBXBuildFile; fileRef = B00DB9AF18ED48EF00460930 /* Images.xcassets */; };
		B00DB9B718ED48EF00460930 /* XCTest.framework in Frameworks */ = {isa = PBXBuildFile; fileRef = B00DB9B618ED48EF00460930 /* XCTest.framework */; };
		B00DB9B818ED48EF00460930 /* Foundation.framework in Frameworks */ = {isa = PBXBuildFile; fileRef = B00DB99018ED48EF00460930 /* Foundation.framework */; };
		B00DB9B918ED48EF00460930 /* UIKit.framework in Frameworks */ = {isa = PBXBuildFile; fileRef = B00DB99418ED48EF00460930 /* UIKit.framework */; };
		B00DB9C118ED48EF00460930 /* InfoPlist.strings in Resources */ = {isa = PBXBuildFile; fileRef = B00DB9BF18ED48EF00460930 /* InfoPlist.strings */; };
		B00DB9C318ED48EF00460930 /* RunnerGameTests.m in Sources */ = {isa = PBXBuildFile; fileRef = B00DB9C218ED48EF00460930 /* RunnerGameTests.m */; };
		B01E667C192A035100C62543 /* character_a1@2x.png in Resources */ = {isa = PBXBuildFile; fileRef = B01E667A192A035100C62543 /* character_a1@2x.png */; };
		B01E667D192A035100C62543 /* object_a1@2x.png in Resources */ = {isa = PBXBuildFile; fileRef = B01E667B192A035100C62543 /* object_a1@2x.png */; };
		B01E669E192A20F400C62543 /* gameover_bg@2x.png in Resources */ = {isa = PBXBuildFile; fileRef = B01E669C192A20F400C62543 /* gameover_bg@2x.png */; };
		B01E669F192A20F400C62543 /* main_bg__@2x.png in Resources */ = {isa = PBXBuildFile; fileRef = B01E669D192A20F400C62543 /* main_bg__@2x.png */; };
		B01E66A9192B3EC100C62543 /* bg1_a1@2x.png in Resources */ = {isa = PBXBuildFile; fileRef = B01E66A6192B3EC100C62543 /* bg1_a1@2x.png */; };
		B01E66AA192B3EC100C62543 /* bg2_a1@2x.png in Resources */ = {isa = PBXBuildFile; fileRef = B01E66A7192B3EC100C62543 /* bg2_a1@2x.png */; };
		B01E66AB192B3EC100C62543 /* bg3_a1@2x.png in Resources */ = {isa = PBXBuildFile; fileRef = B01E66A8192B3EC100C62543 /* bg3_a1@2x.png */; };
		B01E66AF192B747000C62543 /* bg0@2x.png in Resources */ = {isa = PBXBuildFile; fileRef = B01E66AC192B747000C62543 /* bg0@2x.png */; };
		B01E66B0192B747000C62543 /* bg1@2x.png in Resources */ = {isa = PBXBuildFile; fileRef = B01E66AD192B747000C62543 /* bg1@2x.png */; };
		B01E66B1192B747000C62543 /* bg2@2x.png in Resources */ = {isa = PBXBuildFile; fileRef = B01E66AE192B747000C62543 /* bg2@2x.png */; };
		B01E66CE1935D5BB00C62543 /* background1_es@2x.png in Resources */ = {isa = PBXBuildFile; fileRef = B01E66CB1935D5BB00C62543 /* background1_es@2x.png */; };
		B01E66CF1935D5BB00C62543 /* background2_es@2x.png in Resources */ = {isa = PBXBuildFile; fileRef = B01E66CC1935D5BB00C62543 /* background2_es@2x.png */; };
		B01E66D01935D5BB00C62543 /* background3_es@2x.png in Resources */ = {isa = PBXBuildFile; fileRef = B01E66CD1935D5BB00C62543 /* background3_es@2x.png */; };
		B01ED85618ED4FAB0062AB4A /* Runner.m in Sources */ = {isa = PBXBuildFile; fileRef = B01ED85518ED4FAB0062AB4A /* Runner.m */; };
		B01ED85918ED4FD50062AB4A /* Barrier.m in Sources */ = {isa = PBXBuildFile; fileRef = B01ED85818ED4FD50062AB4A /* Barrier.m */; };
		B01ED85C18ED4FE70062AB4A /* Ground.m in Sources */ = {isa = PBXBuildFile; fileRef = B01ED85B18ED4FE70062AB4A /* Ground.m */; };
		B01ED85F18ED4FF90062AB4A /* GameObject.m in Sources */ = {isa = PBXBuildFile; fileRef = B01ED85E18ED4FF90062AB4A /* GameObject.m */; };
		B01ED86718ED57370062AB4A /* ContactManager.m in Sources */ = {isa = PBXBuildFile; fileRef = B01ED86618ED57370062AB4A /* ContactManager.m */; };
		B01ED86B18ED5F4D0062AB4A /* runner@2x.png in Resources */ = {isa = PBXBuildFile; fileRef = B01ED86A18ED5F4D0062AB4A /* runner@2x.png */; };
		B01ED87618EDB7480062AB4A /* SliderEffect.sks in Resources */ = {isa = PBXBuildFile; fileRef = B01ED87418EDB7480062AB4A /* SliderEffect.sks */; };
		B01ED87718EDB7480062AB4A /* spark.png in Resources */ = {isa = PBXBuildFile; fileRef = B01ED87518EDB7480062AB4A /* spark.png */; };
		B01ED87A18EEAEDC0062AB4A /* ParallaxBG.m in Sources */ = {isa = PBXBuildFile; fileRef = B01ED87918EEAEDC0062AB4A /* ParallaxBG.m */; };
		B01ED87C18EEB1030062AB4A /* square.png in Resources */ = {isa = PBXBuildFile; fileRef = B01ED87B18EEB1030062AB4A /* square.png */; };
		B01ED88018EEB6D40062AB4A /* CommonTools.m in Sources */ = {isa = PBXBuildFile; fileRef = B01ED87F18EEB6D40062AB4A /* CommonTools.m */; };
		B01ED88918EEDDE70062AB4A /* BoomEffect.sks in Resources */ = {isa = PBXBuildFile; fileRef = B01ED88818EEDDE70062AB4A /* BoomEffect.sks */; };
		B04FC1CB194989E30092233F /* akadaly_a4@2x.png in Resources */ = {isa = PBXBuildFile; fileRef = B04FC1BA194989E30092233F /* akadaly_a4@2x.png */; };
		B04FC1CC194989E30092233F /* fb_a4@2x.png in Resources */ = {isa = PBXBuildFile; fileRef = B04FC1BB194989E30092233F /* fb_a4@2x.png */; };
		B04FC1CD194989E30092233F /* felhok_a4@2x.png in Resources */ = {isa = PBXBuildFile; fileRef = B04FC1BC194989E30092233F /* felhok_a4@2x.png */; };
		B04FC1CE194989E30092233F /* figura_a4@2x.png in Resources */ = {isa = PBXBuildFile; fileRef = B04FC1BD194989E30092233F /* figura_a4@2x.png */; };
		B04FC1CF194989E30092233F /* hatter_a4@2x.png in Resources */ = {isa = PBXBuildFile; fileRef = B04FC1BE194989E30092233F /* hatter_a4@2x.png */; };
		B04FC1D0194989E30092233F /* home_a4@2x.png in Resources */ = {isa = PBXBuildFile; fileRef = B04FC1BF194989E30092233F /* home_a4@2x.png */; };
		B04FC1D1194989E30092233F /* menu_a4@2x.png in Resources */ = {isa = PBXBuildFile; fileRef = B04FC1C0194989E30092233F /* menu_a4@2x.png */; };
		B04FC1D2194989E30092233F /* menu_on_a4@2x.png in Resources */ = {isa = PBXBuildFile; fileRef = B04FC1C1194989E30092233F /* menu_on_a4@2x.png */; };
		B04FC1D3194989E30092233F /* play_a4@2x.png in Resources */ = {isa = PBXBuildFile; fileRef = B04FC1C2194989E30092233F /* play_a4@2x.png */; };
		B04FC1D4194989E30092233F /* retry_a4@2x.png in Resources */ = {isa = PBXBuildFile; fileRef = B04FC1C3194989E30092233F /* retry_a4@2x.png */; };
		B04FC1D5194989E30092233F /* retry_on_a4@2x.png in Resources */ = {isa = PBXBuildFile; fileRef = B04FC1C4194989E30092233F /* retry_on_a4@2x.png */; };
		B04FC1D6194989E30092233F /* score_a4@2x.png in Resources */ = {isa = PBXBuildFile; fileRef = B04FC1C5194989E30092233F /* score_a4@2x.png */; };
		B04FC1D7194989E30092233F /* sound_off_a4@2x.png in Resources */ = {isa = PBXBuildFile; fileRef = B04FC1C6194989E30092233F /* sound_off_a4@2x.png */; };
		B04FC1D8194989E30092233F /* sound_on_a4@2x.png in Resources */ = {isa = PBXBuildFile; fileRef = B04FC1C7194989E30092233F /* sound_on_a4@2x.png */; };
		B04FC1D9194989E30092233F /* statistic_a4@2x.png in Resources */ = {isa = PBXBuildFile; fileRef = B04FC1C8194989E30092233F /* statistic_a4@2x.png */; };
		B04FC1DA194989E30092233F /* testek_a4@2x.png in Resources */ = {isa = PBXBuildFile; fileRef = B04FC1C9194989E30092233F /* testek_a4@2x.png */; };
		B04FC1DB194989E30092233F /* ut_a4@2x.png in Resources */ = {isa = PBXBuildFile; fileRef = B04FC1CA194989E30092233F /* ut_a4@2x.png */; };
		B04FC1E1194991040092233F /* death.mp3 in Resources */ = {isa = PBXBuildFile; fileRef = B04FC1DD194991040092233F /* death.mp3 */; };
		B04FC1E2194991040092233F /* jump.wav in Resources */ = {isa = PBXBuildFile; fileRef = B04FC1DE194991040092233F /* jump.wav */; };
		B04FC1E3194991040092233F /* main_theme.mp3 in Resources */ = {isa = PBXBuildFile; fileRef = B04FC1DF194991040092233F /* main_theme.mp3 */; };
		B04FC1E4194991040092233F /* reward.wav in Resources */ = {isa = PBXBuildFile; fileRef = B04FC1E0194991040092233F /* reward.wav */; };
		B04FC1E71949D2920092233F /* main_bg_a4-568h@2x.png in Resources */ = {isa = PBXBuildFile; fileRef = B04FC1E51949D2920092233F /* main_bg_a4-568h@2x.png */; };
		B04FC1E81949D2920092233F /* main_bg_a4@2x.png in Resources */ = {isa = PBXBuildFile; fileRef = B04FC1E61949D2920092233F /* main_bg_a4@2x.png */; };
		B04FC1ED194A0D7D0092233F /* PoetsenOne-Regular.ttf in Resources */ = {isa = PBXBuildFile; fileRef = B04FC1EC194A0B7C0092233F /* PoetsenOne-Regular.ttf */; };
		B04FC1EF194A12BB0092233F /* square_a4.png in Resources */ = {isa = PBXBuildFile; fileRef = B04FC1EE194A12BB0092233F /* square_a4.png */; };
		B04FC1F6194AD9570092233F /* Icon.png in Resources */ = {isa = PBXBuildFile; fileRef = B04FC1F4194AD9570092233F /* Icon.png */; };
		B04FC1F7194AD9570092233F /* Icon@2x.png in Resources */ = {isa = PBXBuildFile; fileRef = B04FC1F5194AD9570092233F /* Icon@2x.png */; };
		B04FC1FA194AE6490092233F /* game_over_bg_a4-568h@2x.png in Resources */ = {isa = PBXBuildFile; fileRef = B04FC1F8194AE6490092233F /* game_over_bg_a4-568h@2x.png */; };
		B04FC1FB194AE6490092233F /* game_over_bg_a4@2x.png in Resources */ = {isa = PBXBuildFile; fileRef = B04FC1F9194AE6490092233F /* game_over_bg_a4@2x.png */; };
		B04FC200194AE7DA0092233F /* high_score_bg_a4-568h@2x.png in Resources */ = {isa = PBXBuildFile; fileRef = B04FC1FC194AE7DA0092233F /* high_score_bg_a4-568h@2x.png */; };
		B04FC201194AE7DA0092233F /* high_score_bg_a4@2x.png in Resources */ = {isa = PBXBuildFile; fileRef = B04FC1FD194AE7DA0092233F /* high_score_bg_a4@2x.png */; };
		B04FC202194AE7DA0092233F /* statistics_bg_a4-568h@2x.png in Resources */ = {isa = PBXBuildFile; fileRef = B04FC1FE194AE7DA0092233F /* statistics_bg_a4-568h@2x.png */; };
		B04FC203194AE7DA0092233F /* statistics_bg_a4@2x.png in Resources */ = {isa = PBXBuildFile; fileRef = B04FC1FF194AE7DA0092233F /* statistics_bg_a4@2x.png */; };
		B04FC206194AF4410092233F /* StrokeLabel.m in Sources */ = {isa = PBXBuildFile; fileRef = B04FC205194AF4410092233F /* StrokeLabel.m */; };
		B05632DA18FD1602001348A0 /* GameOverScene.m in Sources */ = {isa = PBXBuildFile; fileRef = B05632D918FD1602001348A0 /* GameOverScene.m */; };
		B05632E618FD2285001348A0 /* ExpletusSans-Bold.ttf in Resources */ = {isa = PBXBuildFile; fileRef = B05632DD18FD2285001348A0 /* ExpletusSans-Bold.ttf */; };
		B05632E718FD2285001348A0 /* ExpletusSans-BoldItalic.ttf in Resources */ = {isa = PBXBuildFile; fileRef = B05632DE18FD2285001348A0 /* ExpletusSans-BoldItalic.ttf */; };
		B05632E818FD2285001348A0 /* ExpletusSans-Italic.ttf in Resources */ = {isa = PBXBuildFile; fileRef = B05632DF18FD2285001348A0 /* ExpletusSans-Italic.ttf */; };
		B05632E918FD2285001348A0 /* ExpletusSans-Medium.ttf in Resources */ = {isa = PBXBuildFile; fileRef = B05632E018FD2285001348A0 /* ExpletusSans-Medium.ttf */; };
		B05632EA18FD2285001348A0 /* ExpletusSans-MediumItalic.ttf in Resources */ = {isa = PBXBuildFile; fileRef = B05632E118FD2285001348A0 /* ExpletusSans-MediumItalic.ttf */; };
		B05632EB18FD2285001348A0 /* ExpletusSans-Regular.ttf in Resources */ = {isa = PBXBuildFile; fileRef = B05632E218FD2285001348A0 /* ExpletusSans-Regular.ttf */; };
		B05632EC18FD2285001348A0 /* ExpletusSans-SemiBold.ttf in Resources */ = {isa = PBXBuildFile; fileRef = B05632E318FD2285001348A0 /* ExpletusSans-SemiBold.ttf */; };
		B05632ED18FD2285001348A0 /* ExpletusSans-SemiBoldItalic.ttf in Resources */ = {isa = PBXBuildFile; fileRef = B05632E418FD2285001348A0 /* ExpletusSans-SemiBoldItalic.ttf */; };
		B05632EE18FD2285001348A0 /* OFL.txt in Resources */ = {isa = PBXBuildFile; fileRef = B05632E518FD2285001348A0 /* OFL.txt */; };
		B05632F018FD5D5C001348A0 /* DeathB1_05.mp3 in Resources */ = {isa = PBXBuildFile; fileRef = B05632EF18FD5D5C001348A0 /* DeathB1_05.mp3 */; };
		B05632F218FD6769001348A0 /* button.png in Resources */ = {isa = PBXBuildFile; fileRef = B05632F118FD6769001348A0 /* button.png */; };
		B05632F418FD77FF001348A0 /* runner_mad@2x.png in Resources */ = {isa = PBXBuildFile; fileRef = B05632F318FD77FF001348A0 /* runner_mad@2x.png */; };
		B05632F618FD83D8001348A0 /* runner_verymad@2x.png in Resources */ = {isa = PBXBuildFile; fileRef = B05632F518FD83D8001348A0 /* runner_verymad@2x.png */; };
		B05632FA18FE6221001348A0 /* ComboManager.m in Sources */ = {isa = PBXBuildFile; fileRef = B05632F918FE6221001348A0 /* ComboManager.m */; };
		B05632FC18FE62FE001348A0 /* star@2x.png in Resources */ = {isa = PBXBuildFile; fileRef = B05632FB18FE62FE001348A0 /* star@2x.png */; };
		B05632FF18FE6944001348A0 /* HighScoreIndicator.m in Sources */ = {isa = PBXBuildFile; fileRef = B05632FE18FE6944001348A0 /* HighScoreIndicator.m */; };
		B06802A518F7164E00DAE740 /* GameSceneController.m in Sources */ = {isa = PBXBuildFile; fileRef = B06802A418F7164E00DAE740 /* GameSceneController.m */; };
		B06802A818F7184200DAE740 /* HighScoresController.m in Sources */ = {isa = PBXBuildFile; fileRef = B06802A718F7184200DAE740 /* HighScoresController.m */; };
		B06802AD18F71C7000DAE740 /* HighScoreCell.m in Sources */ = {isa = PBXBuildFile; fileRef = B06802AB18F71C7000DAE740 /* HighScoreCell.m */; };
		B06802AE18F71C7000DAE740 /* HighScoreCell.xib in Resources */ = {isa = PBXBuildFile; fileRef = B06802AC18F71C7000DAE740 /* HighScoreCell.xib */; };
		B084644518F8AB2E00892252 /* RJ_MusicLoop_A_v02-85195.mp3 in Resources */ = {isa = PBXBuildFile; fileRef = B084644418F8AB2E00892252 /* RJ_MusicLoop_A_v02-85195.mp3 */; };
		B0A8E70F18FDCFAE00EB6D17 /* StatisticsHelper.m in Sources */ = {isa = PBXBuildFile; fileRef = B0A8E70E18FDCFAE00EB6D17 /* StatisticsHelper.m */; };
		B0A8E71318FDD0EF00EB6D17 /* StatisticsManager.m in Sources */ = {isa = PBXBuildFile; fileRef = B0A8E71218FDD0EF00EB6D17 /* StatisticsManager.m */; };
		B0A8E71618FDD98B00EB6D17 /* StatisticsViewController.m in Sources */ = {isa = PBXBuildFile; fileRef = B0A8E71518FDD98B00EB6D17 /* StatisticsViewController.m */; };
		B0A8E71818FDDCE700EB6D17 /* statistics_icon.png in Resources */ = {isa = PBXBuildFile; fileRef = B0A8E71718FDDCE700EB6D17 /* statistics_icon.png */; };
		B0AF83A61940932F008C09D7 /* menu_on@2x.png in Resources */ = {isa = PBXBuildFile; fileRef = B0AF839A1940932F008C09D7 /* menu_on@2x.png */; };
		B0AF83A71940932F008C09D7 /* menu@2x.png in Resources */ = {isa = PBXBuildFile; fileRef = B0AF839B1940932F008C09D7 /* menu@2x.png */; };
		B0AF83A81940932F008C09D7 /* play_on@2x.png in Resources */ = {isa = PBXBuildFile; fileRef = B0AF839C1940932F008C09D7 /* play_on@2x.png */; };
		B0AF83AA1940932F008C09D7 /* retry_on@2x.png in Resources */ = {isa = PBXBuildFile; fileRef = B0AF839E1940932F008C09D7 /* retry_on@2x.png */; };
		B0AF83AB1940932F008C09D7 /* retry@2x.png in Resources */ = {isa = PBXBuildFile; fileRef = B0AF839F1940932F008C09D7 /* retry@2x.png */; };
		B0AF83AC1940932F008C09D7 /* score_on@2x.png in Resources */ = {isa = PBXBuildFile; fileRef = B0AF83A01940932F008C09D7 /* score_on@2x.png */; };
		B0AF83AD1940932F008C09D7 /* score@2x.png in Resources */ = {isa = PBXBuildFile; fileRef = B0AF83A11940932F008C09D7 /* score@2x.png */; };
		B0AF83AE1940932F008C09D7 /* sound_off@2x.png in Resources */ = {isa = PBXBuildFile; fileRef = B0AF83A21940932F008C09D7 /* sound_off@2x.png */; };
		B0AF83AF1940932F008C09D7 /* sound_on@2x.png in Resources */ = {isa = PBXBuildFile; fileRef = B0AF83A31940932F008C09D7 /* sound_on@2x.png */; };
		B0AF83B01940932F008C09D7 /* weloux_on@2x.png in Resources */ = {isa = PBXBuildFile; fileRef = B0AF83A41940932F008C09D7 /* weloux_on@2x.png */; };
		B0AF83B11940932F008C09D7 /* weloux@2x.png in Resources */ = {isa = PBXBuildFile; fileRef = B0AF83A51940932F008C09D7 /* weloux@2x.png */; };
		B0AF83B919409598008C09D7 /* ass_effect@2x.png in Resources */ = {isa = PBXBuildFile; fileRef = B0AF83B319409598008C09D7 /* ass_effect@2x.png */; };
		B0AF83BA19409598008C09D7 /* bandit@2x.png in Resources */ = {isa = PBXBuildFile; fileRef = B0AF83B419409598008C09D7 /* bandit@2x.png */; };
		B0AF83BD19409598008C09D7 /* main_bg-568h@2x.png in Resources */ = {isa = PBXBuildFile; fileRef = B0AF83B719409598008C09D7 /* main_bg-568h@2x.png */; };
		B0AF83BE19409598008C09D7 /* road@2x.png in Resources */ = {isa = PBXBuildFile; fileRef = B0AF83B819409598008C09D7 /* road@2x.png */; };
		B0AF83C01940970F008C09D7 /* barrier@2x.png in Resources */ = {isa = PBXBuildFile; fileRef = B0AF83BF1940970F008C09D7 /* barrier@2x.png */; };
		B0AF83C219409C66008C09D7 /* play@2x.png in Resources */ = {isa = PBXBuildFile; fileRef = B0AF83C119409C66008C09D7 /* play@2x.png */; };
		B0AF83C51940A311008C09D7 /* Default-568h@2x.png in Resources */ = {isa = PBXBuildFile; fileRef = B0AF83C31940A311008C09D7 /* Default-568h@2x.png */; };
		B0AF83C81940A320008C09D7 /* Default@2x.png in Resources */ = {isa = PBXBuildFile; fileRef = B0AF83C71940A320008C09D7 /* Default@2x.png */; };
		B0AF83CA1940A4FB008C09D7 /* main_bg@2x.png in Resources */ = {isa = PBXBuildFile; fileRef = B0AF83C91940A4FB008C09D7 /* main_bg@2x.png */; };
		B0AF83CC1940CAE9008C09D7 /* statistik@2x.png in Resources */ = {isa = PBXBuildFile; fileRef = B0AF83CB1940CAE9008C09D7 /* statistik@2x.png */; };
		B0AF83CE1940CC61008C09D7 /* fb_bg@2x.png in Resources */ = {isa = PBXBuildFile; fileRef = B0AF83CD1940CC61008C09D7 /* fb_bg@2x.png */; };
		B0AF83D21940CD17008C09D7 /* fb@2x.png in Resources */ = {isa = PBXBuildFile; fileRef = B0AF83D11940CD17008C09D7 /* fb@2x.png */; };
		B0AF83E01947479A008C09D7 /* akadaly@2x.png in Resources */ = {isa = PBXBuildFile; fileRef = B0AF83DA1947479A008C09D7 /* akadaly@2x.png */; };
		B0AF83E11947479A008C09D7 /* bg0_a3@2x.png in Resources */ = {isa = PBXBuildFile; fileRef = B0AF83DB1947479A008C09D7 /* bg0_a3@2x.png */; };
		B0AF83E21947479A008C09D7 /* felhok@2x.png in Resources */ = {isa = PBXBuildFile; fileRef = B0AF83DC1947479A008C09D7 /* felhok@2x.png */; };
		B0AF83E31947479A008C09D7 /* figura@2x.png in Resources */ = {isa = PBXBuildFile; fileRef = B0AF83DD1947479A008C09D7 /* figura@2x.png */; };
		B0AF83E41947479A008C09D7 /* testek@2x.png in Resources */ = {isa = PBXBuildFile; fileRef = B0AF83DE1947479A008C09D7 /* testek@2x.png */; };
		B0AF83E51947479A008C09D7 /* ut@2x.png in Resources */ = {isa = PBXBuildFile; fileRef = B0AF83DF1947479A008C09D7 /* ut@2x.png */; };
		B0AF83EF194748A0008C09D7 /* menu_a3@2x.png in Resources */ = {isa = PBXBuildFile; fileRef = B0AF83E7194748A0008C09D7 /* menu_a3@2x.png */; };
		B0AF83F0194748A0008C09D7 /* play_a3@2x.png in Resources */ = {isa = PBXBuildFile; fileRef = B0AF83E8194748A0008C09D7 /* play_a3@2x.png */; };
		B0AF83F1194748A0008C09D7 /* retry_a3@2x.png in Resources */ = {isa = PBXBuildFile; fileRef = B0AF83E9194748A0008C09D7 /* retry_a3@2x.png */; };
		B0AF83F2194748A0008C09D7 /* score_a3@2x.png in Resources */ = {isa = PBXBuildFile; fileRef = B0AF83EA194748A0008C09D7 /* score_a3@2x.png */; };
		B0AF83F4194748A0008C09D7 /* sound_on_a3@2x.png in Resources */ = {isa = PBXBuildFile; fileRef = B0AF83EC194748A0008C09D7 /* sound_on_a3@2x.png */; };
		B0AF83F5194748A0008C09D7 /* statistics_a3@2x.png in Resources */ = {isa = PBXBuildFile; fileRef = B0AF83ED194748A0008C09D7 /* statistics_a3@2x.png */; };
		B0AF83F6194748A0008C09D7 /* weloux_a3@2x.png in Resources */ = {isa = PBXBuildFile; fileRef = B0AF83EE194748A0008C09D7 /* weloux_a3@2x.png */; };
		B0AF83F919474AD2008C09D7 /* menu_on_a3@2x.png in Resources */ = {isa = PBXBuildFile; fileRef = B0AF83F719474AD2008C09D7 /* menu_on_a3@2x.png */; };
		B0AF83FA19474AD2008C09D7 /* retry_on_a3@2x.png in Resources */ = {isa = PBXBuildFile; fileRef = B0AF83F819474AD2008C09D7 /* retry_on_a3@2x.png */; };
		B0AF83FC19474B50008C09D7 /* sound_off_a3@2x.png in Resources */ = {isa = PBXBuildFile; fileRef = B0AF83FB19474B50008C09D7 /* sound_off_a3@2x.png */; };
		B0CEDC7119067107006537C2 /* character@2x.png in Resources */ = {isa = PBXBuildFile; fileRef = B0CEDC6F19067107006537C2 /* character@2x.png */; };
		B0CEDC7219067107006537C2 /* object.png in Resources */ = {isa = PBXBuildFile; fileRef = B0CEDC7019067107006537C2 /* object.png */; };
		B0CEDC7419067230006537C2 /* ground@2x.png in Resources */ = {isa = PBXBuildFile; fileRef = B0CEDC7319067230006537C2 /* ground@2x.png */; };
		B0CEDC771906A07A006537C2 /* background@2x.png in Resources */ = {isa = PBXBuildFile; fileRef = B0CEDC751906A07A006537C2 /* background@2x.png */; };
		B0CEDCA11907F894006537C2 /* backgroundfixed@2x.png in Resources */ = {isa = PBXBuildFile; fileRef = B0CEDC9C1907F894006537C2 /* backgroundfixed@2x.png */; };
		B0CEDCA21907F894006537C2 /* desertroad@2x.png in Resources */ = {isa = PBXBuildFile; fileRef = B0CEDC9D1907F894006537C2 /* desertroad@2x.png */; };
		B0CEDCA31907F894006537C2 /* eyemonster.png in Resources */ = {isa = PBXBuildFile; fileRef = B0CEDC9E1907F894006537C2 /* eyemonster.png */; };
		B0CEDCA41907F894006537C2 /* head@2x.png in Resources */ = {isa = PBXBuildFile; fileRef = B0CEDC9F1907F894006537C2 /* head@2x.png */; };
		B0CEDCA51907F894006537C2 /* mountains@2x.png in Resources */ = {isa = PBXBuildFile; fileRef = B0CEDCA01907F894006537C2 /* mountains@2x.png */; };
		B0FF194518F1DB8900560E5E /* HighScoreManager.m in Sources */ = {isa = PBXBuildFile; fileRef = B0FF194418F1DB8900560E5E /* HighScoreManager.m */; };
		B0FF194918F1DBAB00560E5E /* HighScoreHelper.m in Sources */ = {isa = PBXBuildFile; fileRef = B0FF194818F1DBAB00560E5E /* HighScoreHelper.m */; };
		B0FF194D18F1DBD000560E5E /* HighScores.m in Sources */ = {isa = PBXBuildFile; fileRef = B0FF194C18F1DBD000560E5E /* HighScores.m */; };
		B0FF195018F1DBDA00560E5E /* DBAccessLayer.m in Sources */ = {isa = PBXBuildFile; fileRef = B0FF194F18F1DBDA00560E5E /* DBAccessLayer.m */; };
		B0FF195218F1DBF700560E5E /* RunnerDataModel.xcdatamodel in Sources */ = {isa = PBXBuildFile; fileRef = B0FF195118F1DBF700560E5E /* RunnerDataModel.xcdatamodel */; };
		B0FF196C18F5222700560E5E /* RJ_MusicLoop_A_v01-41328.mp3 in Resources */ = {isa = PBXBuildFile; fileRef = B0FF196B18F5222700560E5E /* RJ_MusicLoop_A_v01-41328.mp3 */; };
		B0FF196F18F5242200560E5E /* Blop_A_01.wav in Resources */ = {isa = PBXBuildFile; fileRef = B0FF196D18F5242200560E5E /* Blop_A_01.wav */; };
		B0FF197018F5242200560E5E /* Blop_B_01.wav in Resources */ = {isa = PBXBuildFile; fileRef = B0FF196E18F5242200560E5E /* Blop_B_01.wav */; };
		B0FF197218F524EA00560E5E /* Blop_D_01.wav in Resources */ = {isa = PBXBuildFile; fileRef = B0FF197118F524EA00560E5E /* Blop_D_01.wav */; };
/* End PBXBuildFile section */

/* Begin PBXContainerItemProxy section */
		B00DB9BA18ED48EF00460930 /* PBXContainerItemProxy */ = {
			isa = PBXContainerItemProxy;
			containerPortal = B00DB98518ED48EE00460930 /* Project object */;
			proxyType = 1;
			remoteGlobalIDString = B00DB98C18ED48EE00460930;
			remoteInfo = RunnerGame;
		};
/* End PBXContainerItemProxy section */

/* Begin PBXFileReference section */
		B00DB98D18ED48EF00460930 /* RunnerGame.app */ = {isa = PBXFileReference; explicitFileType = wrapper.application; includeInIndex = 0; path = RunnerGame.app; sourceTree = BUILT_PRODUCTS_DIR; };
		B00DB99018ED48EF00460930 /* Foundation.framework */ = {isa = PBXFileReference; lastKnownFileType = wrapper.framework; name = Foundation.framework; path = System/Library/Frameworks/Foundation.framework; sourceTree = SDKROOT; };
		B00DB99218ED48EF00460930 /* CoreGraphics.framework */ = {isa = PBXFileReference; lastKnownFileType = wrapper.framework; name = CoreGraphics.framework; path = System/Library/Frameworks/CoreGraphics.framework; sourceTree = SDKROOT; };
		B00DB99418ED48EF00460930 /* UIKit.framework */ = {isa = PBXFileReference; lastKnownFileType = wrapper.framework; name = UIKit.framework; path = System/Library/Frameworks/UIKit.framework; sourceTree = SDKROOT; };
		B00DB99618ED48EF00460930 /* SpriteKit.framework */ = {isa = PBXFileReference; lastKnownFileType = wrapper.framework; name = SpriteKit.framework; path = System/Library/Frameworks/SpriteKit.framework; sourceTree = SDKROOT; };
		B00DB99A18ED48EF00460930 /* RunnerGame-Info.plist */ = {isa = PBXFileReference; lastKnownFileType = text.plist.xml; path = "RunnerGame-Info.plist"; sourceTree = "<group>"; };
		B00DB99C18ED48EF00460930 /* en */ = {isa = PBXFileReference; lastKnownFileType = text.plist.strings; name = en; path = en.lproj/InfoPlist.strings; sourceTree = "<group>"; };
		B00DB99E18ED48EF00460930 /* main.m */ = {isa = PBXFileReference; lastKnownFileType = sourcecode.c.objc; path = main.m; sourceTree = "<group>"; };
		B00DB9A018ED48EF00460930 /* RunnerGame-Prefix.pch */ = {isa = PBXFileReference; lastKnownFileType = sourcecode.c.h; path = "RunnerGame-Prefix.pch"; sourceTree = "<group>"; };
		B00DB9A118ED48EF00460930 /* AppDelegate.h */ = {isa = PBXFileReference; lastKnownFileType = sourcecode.c.h; path = AppDelegate.h; sourceTree = "<group>"; };
		B00DB9A218ED48EF00460930 /* AppDelegate.m */ = {isa = PBXFileReference; lastKnownFileType = sourcecode.c.objc; path = AppDelegate.m; sourceTree = "<group>"; };
		B00DB9A518ED48EF00460930 /* Base */ = {isa = PBXFileReference; lastKnownFileType = file.storyboard; name = Base; path = Base.lproj/Main.storyboard; sourceTree = "<group>"; };
		B00DB9A718ED48EF00460930 /* MainScreenController.h */ = {isa = PBXFileReference; lastKnownFileType = sourcecode.c.h; path = MainScreenController.h; sourceTree = "<group>"; };
		B00DB9A818ED48EF00460930 /* MainScreenController.m */ = {isa = PBXFileReference; lastKnownFileType = sourcecode.c.objc; path = MainScreenController.m; sourceTree = "<group>"; };
		B00DB9AA18ED48EF00460930 /* GameScene.h */ = {isa = PBXFileReference; lastKnownFileType = sourcecode.c.h; path = GameScene.h; sourceTree = "<group>"; };
		B00DB9AB18ED48EF00460930 /* GameScene.m */ = {isa = PBXFileReference; lastKnownFileType = sourcecode.c.objc; path = GameScene.m; sourceTree = "<group>"; };
		B00DB9AF18ED48EF00460930 /* Images.xcassets */ = {isa = PBXFileReference; lastKnownFileType = folder.assetcatalog; path = Images.xcassets; sourceTree = "<group>"; };
		B00DB9B518ED48EF00460930 /* RunnerGameTests.xctest */ = {isa = PBXFileReference; explicitFileType = wrapper.cfbundle; includeInIndex = 0; path = RunnerGameTests.xctest; sourceTree = BUILT_PRODUCTS_DIR; };
		B00DB9B618ED48EF00460930 /* XCTest.framework */ = {isa = PBXFileReference; lastKnownFileType = wrapper.framework; name = XCTest.framework; path = Library/Frameworks/XCTest.framework; sourceTree = DEVELOPER_DIR; };
		B00DB9BE18ED48EF00460930 /* RunnerGameTests-Info.plist */ = {isa = PBXFileReference; lastKnownFileType = text.plist.xml; path = "RunnerGameTests-Info.plist"; sourceTree = "<group>"; };
		B00DB9C018ED48EF00460930 /* en */ = {isa = PBXFileReference; lastKnownFileType = text.plist.strings; name = en; path = en.lproj/InfoPlist.strings; sourceTree = "<group>"; };
		B00DB9C218ED48EF00460930 /* RunnerGameTests.m */ = {isa = PBXFileReference; lastKnownFileType = sourcecode.c.objc; path = RunnerGameTests.m; sourceTree = "<group>"; };
		B01E667A192A035100C62543 /* character_a1@2x.png */ = {isa = PBXFileReference; lastKnownFileType = image.png; path = "character_a1@2x.png"; sourceTree = "<group>"; };
		B01E667B192A035100C62543 /* object_a1@2x.png */ = {isa = PBXFileReference; lastKnownFileType = image.png; path = "object_a1@2x.png"; sourceTree = "<group>"; };
		B01E669C192A20F400C62543 /* gameover_bg@2x.png */ = {isa = PBXFileReference; lastKnownFileType = image.png; path = "gameover_bg@2x.png"; sourceTree = "<group>"; };
		B01E669D192A20F400C62543 /* main_bg__@2x.png */ = {isa = PBXFileReference; lastKnownFileType = image.png; path = "main_bg__@2x.png"; sourceTree = "<group>"; };
		B01E66A6192B3EC100C62543 /* bg1_a1@2x.png */ = {isa = PBXFileReference; lastKnownFileType = image.png; path = "bg1_a1@2x.png"; sourceTree = "<group>"; };
		B01E66A7192B3EC100C62543 /* bg2_a1@2x.png */ = {isa = PBXFileReference; lastKnownFileType = image.png; path = "bg2_a1@2x.png"; sourceTree = "<group>"; };
		B01E66A8192B3EC100C62543 /* bg3_a1@2x.png */ = {isa = PBXFileReference; lastKnownFileType = image.png; path = "bg3_a1@2x.png"; sourceTree = "<group>"; };
		B01E66AC192B747000C62543 /* bg0@2x.png */ = {isa = PBXFileReference; lastKnownFileType = image.png; path = "bg0@2x.png"; sourceTree = "<group>"; };
		B01E66AD192B747000C62543 /* bg1@2x.png */ = {isa = PBXFileReference; lastKnownFileType = image.png; path = "bg1@2x.png"; sourceTree = "<group>"; };
		B01E66AE192B747000C62543 /* bg2@2x.png */ = {isa = PBXFileReference; lastKnownFileType = image.png; path = "bg2@2x.png"; sourceTree = "<group>"; };
		B01E66CB1935D5BB00C62543 /* background1_es@2x.png */ = {isa = PBXFileReference; lastKnownFileType = image.png; path = "background1_es@2x.png"; sourceTree = "<group>"; };
		B01E66CC1935D5BB00C62543 /* background2_es@2x.png */ = {isa = PBXFileReference; lastKnownFileType = image.png; path = "background2_es@2x.png"; sourceTree = "<group>"; };
		B01E66CD1935D5BB00C62543 /* background3_es@2x.png */ = {isa = PBXFileReference; lastKnownFileType = image.png; path = "background3_es@2x.png"; sourceTree = "<group>"; };
		B01ED85418ED4FAB0062AB4A /* Runner.h */ = {isa = PBXFileReference; fileEncoding = 4; lastKnownFileType = sourcecode.c.h; path = Runner.h; sourceTree = "<group>"; };
		B01ED85518ED4FAB0062AB4A /* Runner.m */ = {isa = PBXFileReference; fileEncoding = 4; lastKnownFileType = sourcecode.c.objc; path = Runner.m; sourceTree = "<group>"; };
		B01ED85718ED4FD50062AB4A /* Barrier.h */ = {isa = PBXFileReference; fileEncoding = 4; lastKnownFileType = sourcecode.c.h; path = Barrier.h; sourceTree = "<group>"; };
		B01ED85818ED4FD50062AB4A /* Barrier.m */ = {isa = PBXFileReference; fileEncoding = 4; lastKnownFileType = sourcecode.c.objc; path = Barrier.m; sourceTree = "<group>"; };
		B01ED85A18ED4FE70062AB4A /* Ground.h */ = {isa = PBXFileReference; fileEncoding = 4; lastKnownFileType = sourcecode.c.h; path = Ground.h; sourceTree = "<group>"; };
		B01ED85B18ED4FE70062AB4A /* Ground.m */ = {isa = PBXFileReference; fileEncoding = 4; lastKnownFileType = sourcecode.c.objc; path = Ground.m; sourceTree = "<group>"; };
		B01ED85D18ED4FF90062AB4A /* GameObject.h */ = {isa = PBXFileReference; fileEncoding = 4; lastKnownFileType = sourcecode.c.h; path = GameObject.h; sourceTree = "<group>"; };
		B01ED85E18ED4FF90062AB4A /* GameObject.m */ = {isa = PBXFileReference; fileEncoding = 4; lastKnownFileType = sourcecode.c.objc; path = GameObject.m; sourceTree = "<group>"; };
		B01ED86118ED50350062AB4A /* Constants.h */ = {isa = PBXFileReference; fileEncoding = 4; lastKnownFileType = sourcecode.c.h; path = Constants.h; sourceTree = "<group>"; };
		B01ED86518ED57370062AB4A /* ContactManager.h */ = {isa = PBXFileReference; fileEncoding = 4; lastKnownFileType = sourcecode.c.h; path = ContactManager.h; sourceTree = "<group>"; };
		B01ED86618ED57370062AB4A /* ContactManager.m */ = {isa = PBXFileReference; fileEncoding = 4; lastKnownFileType = sourcecode.c.objc; path = ContactManager.m; sourceTree = "<group>"; };
		B01ED86918ED578A0062AB4A /* ContactManagerDelegate.h */ = {isa = PBXFileReference; lastKnownFileType = sourcecode.c.h; path = ContactManagerDelegate.h; sourceTree = "<group>"; };
		B01ED86A18ED5F4D0062AB4A /* runner@2x.png */ = {isa = PBXFileReference; lastKnownFileType = image.png; path = "runner@2x.png"; sourceTree = "<group>"; };
		B01ED87418EDB7480062AB4A /* SliderEffect.sks */ = {isa = PBXFileReference; lastKnownFileType = file.sks; path = SliderEffect.sks; sourceTree = "<group>"; };
		B01ED87518EDB7480062AB4A /* spark.png */ = {isa = PBXFileReference; lastKnownFileType = image.png; path = spark.png; sourceTree = "<group>"; };
		B01ED87818EEAEDC0062AB4A /* ParallaxBG.h */ = {isa = PBXFileReference; fileEncoding = 4; lastKnownFileType = sourcecode.c.h; path = ParallaxBG.h; sourceTree = "<group>"; };
		B01ED87918EEAEDC0062AB4A /* ParallaxBG.m */ = {isa = PBXFileReference; fileEncoding = 4; lastKnownFileType = sourcecode.c.objc; path = ParallaxBG.m; sourceTree = "<group>"; };
		B01ED87B18EEB1030062AB4A /* square.png */ = {isa = PBXFileReference; lastKnownFileType = image.png; path = square.png; sourceTree = "<group>"; };
		B01ED87E18EEB6D40062AB4A /* CommonTools.h */ = {isa = PBXFileReference; fileEncoding = 4; lastKnownFileType = sourcecode.c.h; path = CommonTools.h; sourceTree = "<group>"; };
		B01ED87F18EEB6D40062AB4A /* CommonTools.m */ = {isa = PBXFileReference; fileEncoding = 4; lastKnownFileType = sourcecode.c.objc; path = CommonTools.m; sourceTree = "<group>"; };
		B01ED88818EEDDE70062AB4A /* BoomEffect.sks */ = {isa = PBXFileReference; lastKnownFileType = file.sks; path = BoomEffect.sks; sourceTree = "<group>"; };
		B04FC1BA194989E30092233F /* akadaly_a4@2x.png */ = {isa = PBXFileReference; lastKnownFileType = image.png; path = "akadaly_a4@2x.png"; sourceTree = "<group>"; };
		B04FC1BB194989E30092233F /* fb_a4@2x.png */ = {isa = PBXFileReference; lastKnownFileType = image.png; path = "fb_a4@2x.png"; sourceTree = "<group>"; };
		B04FC1BC194989E30092233F /* felhok_a4@2x.png */ = {isa = PBXFileReference; lastKnownFileType = image.png; path = "felhok_a4@2x.png"; sourceTree = "<group>"; };
		B04FC1BD194989E30092233F /* figura_a4@2x.png */ = {isa = PBXFileReference; lastKnownFileType = image.png; path = "figura_a4@2x.png"; sourceTree = "<group>"; };
		B04FC1BE194989E30092233F /* hatter_a4@2x.png */ = {isa = PBXFileReference; lastKnownFileType = image.png; path = "hatter_a4@2x.png"; sourceTree = "<group>"; };
		B04FC1BF194989E30092233F /* home_a4@2x.png */ = {isa = PBXFileReference; lastKnownFileType = image.png; path = "home_a4@2x.png"; sourceTree = "<group>"; };
		B04FC1C0194989E30092233F /* menu_a4@2x.png */ = {isa = PBXFileReference; lastKnownFileType = image.png; path = "menu_a4@2x.png"; sourceTree = "<group>"; };
		B04FC1C1194989E30092233F /* menu_on_a4@2x.png */ = {isa = PBXFileReference; lastKnownFileType = image.png; path = "menu_on_a4@2x.png"; sourceTree = "<group>"; };
		B04FC1C2194989E30092233F /* play_a4@2x.png */ = {isa = PBXFileReference; lastKnownFileType = image.png; path = "play_a4@2x.png"; sourceTree = "<group>"; };
		B04FC1C3194989E30092233F /* retry_a4@2x.png */ = {isa = PBXFileReference; lastKnownFileType = image.png; path = "retry_a4@2x.png"; sourceTree = "<group>"; };
		B04FC1C4194989E30092233F /* retry_on_a4@2x.png */ = {isa = PBXFileReference; lastKnownFileType = image.png; path = "retry_on_a4@2x.png"; sourceTree = "<group>"; };
		B04FC1C5194989E30092233F /* score_a4@2x.png */ = {isa = PBXFileReference; lastKnownFileType = image.png; path = "score_a4@2x.png"; sourceTree = "<group>"; };
		B04FC1C6194989E30092233F /* sound_off_a4@2x.png */ = {isa = PBXFileReference; lastKnownFileType = image.png; path = "sound_off_a4@2x.png"; sourceTree = "<group>"; };
		B04FC1C7194989E30092233F /* sound_on_a4@2x.png */ = {isa = PBXFileReference; lastKnownFileType = image.png; path = "sound_on_a4@2x.png"; sourceTree = "<group>"; };
		B04FC1C8194989E30092233F /* statistic_a4@2x.png */ = {isa = PBXFileReference; lastKnownFileType = image.png; path = "statistic_a4@2x.png"; sourceTree = "<group>"; };
		B04FC1C9194989E30092233F /* testek_a4@2x.png */ = {isa = PBXFileReference; lastKnownFileType = image.png; path = "testek_a4@2x.png"; sourceTree = "<group>"; };
		B04FC1CA194989E30092233F /* ut_a4@2x.png */ = {isa = PBXFileReference; lastKnownFileType = image.png; path = "ut_a4@2x.png"; sourceTree = "<group>"; };
		B04FC1DD194991040092233F /* death.mp3 */ = {isa = PBXFileReference; lastKnownFileType = audio.mp3; path = death.mp3; sourceTree = "<group>"; };
		B04FC1DE194991040092233F /* jump.wav */ = {isa = PBXFileReference; lastKnownFileType = audio.wav; path = jump.wav; sourceTree = "<group>"; };
		B04FC1DF194991040092233F /* main_theme.mp3 */ = {isa = PBXFileReference; lastKnownFileType = audio.mp3; path = main_theme.mp3; sourceTree = "<group>"; };
		B04FC1E0194991040092233F /* reward.wav */ = {isa = PBXFileReference; lastKnownFileType = audio.wav; path = reward.wav; sourceTree = "<group>"; };
		B04FC1E51949D2920092233F /* main_bg_a4-568h@2x.png */ = {isa = PBXFileReference; lastKnownFileType = image.png; path = "main_bg_a4-568h@2x.png"; sourceTree = "<group>"; };
		B04FC1E61949D2920092233F /* main_bg_a4@2x.png */ = {isa = PBXFileReference; lastKnownFileType = image.png; path = "main_bg_a4@2x.png"; sourceTree = "<group>"; };
		B04FC1EC194A0B7C0092233F /* PoetsenOne-Regular.ttf */ = {isa = PBXFileReference; lastKnownFileType = file; path = "PoetsenOne-Regular.ttf"; sourceTree = "<group>"; };
		B04FC1EE194A12BB0092233F /* square_a4.png */ = {isa = PBXFileReference; lastKnownFileType = image.png; path = square_a4.png; sourceTree = "<group>"; };
		B04FC1F4194AD9570092233F /* Icon.png */ = {isa = PBXFileReference; lastKnownFileType = image.png; path = Icon.png; sourceTree = "<group>"; };
		B04FC1F5194AD9570092233F /* Icon@2x.png */ = {isa = PBXFileReference; lastKnownFileType = image.png; path = "Icon@2x.png"; sourceTree = "<group>"; };
		B04FC1F8194AE6490092233F /* game_over_bg_a4-568h@2x.png */ = {isa = PBXFileReference; lastKnownFileType = image.png; path = "game_over_bg_a4-568h@2x.png"; sourceTree = "<group>"; };
		B04FC1F9194AE6490092233F /* game_over_bg_a4@2x.png */ = {isa = PBXFileReference; lastKnownFileType = image.png; path = "game_over_bg_a4@2x.png"; sourceTree = "<group>"; };
		B04FC1FC194AE7DA0092233F /* high_score_bg_a4-568h@2x.png */ = {isa = PBXFileReference; lastKnownFileType = image.png; path = "high_score_bg_a4-568h@2x.png"; sourceTree = "<group>"; };
		B04FC1FD194AE7DA0092233F /* high_score_bg_a4@2x.png */ = {isa = PBXFileReference; lastKnownFileType = image.png; path = "high_score_bg_a4@2x.png"; sourceTree = "<group>"; };
		B04FC1FE194AE7DA0092233F /* statistics_bg_a4-568h@2x.png */ = {isa = PBXFileReference; lastKnownFileType = image.png; path = "statistics_bg_a4-568h@2x.png"; sourceTree = "<group>"; };
		B04FC1FF194AE7DA0092233F /* statistics_bg_a4@2x.png */ = {isa = PBXFileReference; lastKnownFileType = image.png; path = "statistics_bg_a4@2x.png"; sourceTree = "<group>"; };
		B04FC204194AF4410092233F /* StrokeLabel.h */ = {isa = PBXFileReference; fileEncoding = 4; lastKnownFileType = sourcecode.c.h; path = StrokeLabel.h; sourceTree = "<group>"; };
		B04FC205194AF4410092233F /* StrokeLabel.m */ = {isa = PBXFileReference; fileEncoding = 4; lastKnownFileType = sourcecode.c.objc; path = StrokeLabel.m; sourceTree = "<group>"; };
		B05632D818FD1602001348A0 /* GameOverScene.h */ = {isa = PBXFileReference; fileEncoding = 4; lastKnownFileType = sourcecode.c.h; path = GameOverScene.h; sourceTree = "<group>"; };
		B05632D918FD1602001348A0 /* GameOverScene.m */ = {isa = PBXFileReference; fileEncoding = 4; lastKnownFileType = sourcecode.c.objc; path = GameOverScene.m; sourceTree = "<group>"; };
		B05632DB18FD1844001348A0 /* GameOverSceneDelegate.h */ = {isa = PBXFileReference; lastKnownFileType = sourcecode.c.h; path = GameOverSceneDelegate.h; sourceTree = "<group>"; };
		B05632DD18FD2285001348A0 /* ExpletusSans-Bold.ttf */ = {isa = PBXFileReference; lastKnownFileType = file; path = "ExpletusSans-Bold.ttf"; sourceTree = "<group>"; };
		B05632DE18FD2285001348A0 /* ExpletusSans-BoldItalic.ttf */ = {isa = PBXFileReference; lastKnownFileType = file; path = "ExpletusSans-BoldItalic.ttf"; sourceTree = "<group>"; };
		B05632DF18FD2285001348A0 /* ExpletusSans-Italic.ttf */ = {isa = PBXFileReference; lastKnownFileType = file; path = "ExpletusSans-Italic.ttf"; sourceTree = "<group>"; };
		B05632E018FD2285001348A0 /* ExpletusSans-Medium.ttf */ = {isa = PBXFileReference; lastKnownFileType = file; path = "ExpletusSans-Medium.ttf"; sourceTree = "<group>"; };
		B05632E118FD2285001348A0 /* ExpletusSans-MediumItalic.ttf */ = {isa = PBXFileReference; lastKnownFileType = file; path = "ExpletusSans-MediumItalic.ttf"; sourceTree = "<group>"; };
		B05632E218FD2285001348A0 /* ExpletusSans-Regular.ttf */ = {isa = PBXFileReference; lastKnownFileType = file; path = "ExpletusSans-Regular.ttf"; sourceTree = "<group>"; };
		B05632E318FD2285001348A0 /* ExpletusSans-SemiBold.ttf */ = {isa = PBXFileReference; lastKnownFileType = file; path = "ExpletusSans-SemiBold.ttf"; sourceTree = "<group>"; };
		B05632E418FD2285001348A0 /* ExpletusSans-SemiBoldItalic.ttf */ = {isa = PBXFileReference; lastKnownFileType = file; path = "ExpletusSans-SemiBoldItalic.ttf"; sourceTree = "<group>"; };
		B05632E518FD2285001348A0 /* OFL.txt */ = {isa = PBXFileReference; fileEncoding = 4; lastKnownFileType = text; path = OFL.txt; sourceTree = "<group>"; };
		B05632EF18FD5D5C001348A0 /* DeathB1_05.mp3 */ = {isa = PBXFileReference; lastKnownFileType = audio.mp3; path = DeathB1_05.mp3; sourceTree = "<group>"; };
		B05632F118FD6769001348A0 /* button.png */ = {isa = PBXFileReference; lastKnownFileType = image.png; path = button.png; sourceTree = "<group>"; };
		B05632F318FD77FF001348A0 /* runner_mad@2x.png */ = {isa = PBXFileReference; lastKnownFileType = image.png; path = "runner_mad@2x.png"; sourceTree = "<group>"; };
		B05632F518FD83D8001348A0 /* runner_verymad@2x.png */ = {isa = PBXFileReference; lastKnownFileType = image.png; path = "runner_verymad@2x.png"; sourceTree = "<group>"; };
		B05632F818FE6221001348A0 /* ComboManager.h */ = {isa = PBXFileReference; fileEncoding = 4; lastKnownFileType = sourcecode.c.h; path = ComboManager.h; sourceTree = "<group>"; };
		B05632F918FE6221001348A0 /* ComboManager.m */ = {isa = PBXFileReference; fileEncoding = 4; lastKnownFileType = sourcecode.c.objc; path = ComboManager.m; sourceTree = "<group>"; };
		B05632FB18FE62FE001348A0 /* star@2x.png */ = {isa = PBXFileReference; lastKnownFileType = image.png; path = "star@2x.png"; sourceTree = "<group>"; };
		B05632FD18FE6944001348A0 /* HighScoreIndicator.h */ = {isa = PBXFileReference; fileEncoding = 4; lastKnownFileType = sourcecode.c.h; path = HighScoreIndicator.h; sourceTree = "<group>"; };
		B05632FE18FE6944001348A0 /* HighScoreIndicator.m */ = {isa = PBXFileReference; fileEncoding = 4; lastKnownFileType = sourcecode.c.objc; path = HighScoreIndicator.m; sourceTree = "<group>"; };
		B06802A318F7164E00DAE740 /* GameSceneController.h */ = {isa = PBXFileReference; fileEncoding = 4; lastKnownFileType = sourcecode.c.h; path = GameSceneController.h; sourceTree = "<group>"; };
		B06802A418F7164E00DAE740 /* GameSceneController.m */ = {isa = PBXFileReference; fileEncoding = 4; lastKnownFileType = sourcecode.c.objc; path = GameSceneController.m; sourceTree = "<group>"; };
		B06802A618F7184200DAE740 /* HighScoresController.h */ = {isa = PBXFileReference; fileEncoding = 4; lastKnownFileType = sourcecode.c.h; path = HighScoresController.h; sourceTree = "<group>"; };
		B06802A718F7184200DAE740 /* HighScoresController.m */ = {isa = PBXFileReference; fileEncoding = 4; lastKnownFileType = sourcecode.c.objc; path = HighScoresController.m; sourceTree = "<group>"; };
		B06802AA18F71C7000DAE740 /* HighScoreCell.h */ = {isa = PBXFileReference; fileEncoding = 4; lastKnownFileType = sourcecode.c.h; path = HighScoreCell.h; sourceTree = "<group>"; };
		B06802AB18F71C7000DAE740 /* HighScoreCell.m */ = {isa = PBXFileReference; fileEncoding = 4; lastKnownFileType = sourcecode.c.objc; path = HighScoreCell.m; sourceTree = "<group>"; };
		B06802AC18F71C7000DAE740 /* HighScoreCell.xib */ = {isa = PBXFileReference; fileEncoding = 4; lastKnownFileType = file.xib; path = HighScoreCell.xib; sourceTree = "<group>"; };
		B06802AF18F7211800DAE740 /* GameSceneHandlerDelegate.h */ = {isa = PBXFileReference; lastKnownFileType = sourcecode.c.h; path = GameSceneHandlerDelegate.h; sourceTree = "<group>"; };
		B084644418F8AB2E00892252 /* RJ_MusicLoop_A_v02-85195.mp3 */ = {isa = PBXFileReference; lastKnownFileType = audio.mp3; path = "RJ_MusicLoop_A_v02-85195.mp3"; sourceTree = "<group>"; };
		B0A8E70D18FDCFAE00EB6D17 /* StatisticsHelper.h */ = {isa = PBXFileReference; fileEncoding = 4; lastKnownFileType = sourcecode.c.h; path = StatisticsHelper.h; sourceTree = "<group>"; };
		B0A8E70E18FDCFAE00EB6D17 /* StatisticsHelper.m */ = {isa = PBXFileReference; fileEncoding = 4; lastKnownFileType = sourcecode.c.objc; path = StatisticsHelper.m; sourceTree = "<group>"; };
		B0A8E71118FDD0EF00EB6D17 /* StatisticsManager.h */ = {isa = PBXFileReference; fileEncoding = 4; lastKnownFileType = sourcecode.c.h; path = StatisticsManager.h; sourceTree = "<group>"; };
		B0A8E71218FDD0EF00EB6D17 /* StatisticsManager.m */ = {isa = PBXFileReference; fileEncoding = 4; lastKnownFileType = sourcecode.c.objc; path = StatisticsManager.m; sourceTree = "<group>"; };
		B0A8E71418FDD98B00EB6D17 /* StatisticsViewController.h */ = {isa = PBXFileReference; fileEncoding = 4; lastKnownFileType = sourcecode.c.h; path = StatisticsViewController.h; sourceTree = "<group>"; };
		B0A8E71518FDD98B00EB6D17 /* StatisticsViewController.m */ = {isa = PBXFileReference; fileEncoding = 4; lastKnownFileType = sourcecode.c.objc; path = StatisticsViewController.m; sourceTree = "<group>"; };
		B0A8E71718FDDCE700EB6D17 /* statistics_icon.png */ = {isa = PBXFileReference; lastKnownFileType = image.png; path = statistics_icon.png; sourceTree = "<group>"; };
		B0AF839A1940932F008C09D7 /* menu_on@2x.png */ = {isa = PBXFileReference; lastKnownFileType = image.png; path = "menu_on@2x.png"; sourceTree = "<group>"; };
		B0AF839B1940932F008C09D7 /* menu@2x.png */ = {isa = PBXFileReference; lastKnownFileType = image.png; path = "menu@2x.png"; sourceTree = "<group>"; };
		B0AF839C1940932F008C09D7 /* play_on@2x.png */ = {isa = PBXFileReference; lastKnownFileType = image.png; path = "play_on@2x.png"; sourceTree = "<group>"; };
		B0AF839E1940932F008C09D7 /* retry_on@2x.png */ = {isa = PBXFileReference; lastKnownFileType = image.png; path = "retry_on@2x.png"; sourceTree = "<group>"; };
		B0AF839F1940932F008C09D7 /* retry@2x.png */ = {isa = PBXFileReference; lastKnownFileType = image.png; path = "retry@2x.png"; sourceTree = "<group>"; };
		B0AF83A01940932F008C09D7 /* score_on@2x.png */ = {isa = PBXFileReference; lastKnownFileType = image.png; path = "score_on@2x.png"; sourceTree = "<group>"; };
		B0AF83A11940932F008C09D7 /* score@2x.png */ = {isa = PBXFileReference; lastKnownFileType = image.png; path = "score@2x.png"; sourceTree = "<group>"; };
		B0AF83A21940932F008C09D7 /* sound_off@2x.png */ = {isa = PBXFileReference; lastKnownFileType = image.png; path = "sound_off@2x.png"; sourceTree = "<group>"; };
		B0AF83A31940932F008C09D7 /* sound_on@2x.png */ = {isa = PBXFileReference; lastKnownFileType = image.png; path = "sound_on@2x.png"; sourceTree = "<group>"; };
		B0AF83A41940932F008C09D7 /* weloux_on@2x.png */ = {isa = PBXFileReference; lastKnownFileType = image.png; path = "weloux_on@2x.png"; sourceTree = "<group>"; };
		B0AF83A51940932F008C09D7 /* weloux@2x.png */ = {isa = PBXFileReference; lastKnownFileType = image.png; path = "weloux@2x.png"; sourceTree = "<group>"; };
		B0AF83B319409598008C09D7 /* ass_effect@2x.png */ = {isa = PBXFileReference; lastKnownFileType = image.png; path = "ass_effect@2x.png"; sourceTree = "<group>"; };
		B0AF83B419409598008C09D7 /* bandit@2x.png */ = {isa = PBXFileReference; lastKnownFileType = image.png; path = "bandit@2x.png"; sourceTree = "<group>"; };
		B0AF83B719409598008C09D7 /* main_bg-568h@2x.png */ = {isa = PBXFileReference; lastKnownFileType = image.png; path = "main_bg-568h@2x.png"; sourceTree = "<group>"; };
		B0AF83B819409598008C09D7 /* road@2x.png */ = {isa = PBXFileReference; lastKnownFileType = image.png; path = "road@2x.png"; sourceTree = "<group>"; };
		B0AF83BF1940970F008C09D7 /* barrier@2x.png */ = {isa = PBXFileReference; lastKnownFileType = image.png; path = "barrier@2x.png"; sourceTree = "<group>"; };
		B0AF83C119409C66008C09D7 /* play@2x.png */ = {isa = PBXFileReference; lastKnownFileType = image.png; path = "play@2x.png"; sourceTree = "<group>"; };
		B0AF83C31940A311008C09D7 /* Default-568h@2x.png */ = {isa = PBXFileReference; lastKnownFileType = image.png; path = "Default-568h@2x.png"; sourceTree = "<group>"; };
		B0AF83C71940A320008C09D7 /* Default@2x.png */ = {isa = PBXFileReference; lastKnownFileType = image.png; path = "Default@2x.png"; sourceTree = "<group>"; };
		B0AF83C91940A4FB008C09D7 /* main_bg@2x.png */ = {isa = PBXFileReference; lastKnownFileType = image.png; path = "main_bg@2x.png"; sourceTree = "<group>"; };
		B0AF83CB1940CAE9008C09D7 /* statistik@2x.png */ = {isa = PBXFileReference; lastKnownFileType = image.png; path = "statistik@2x.png"; sourceTree = "<group>"; };
		B0AF83CD1940CC61008C09D7 /* fb_bg@2x.png */ = {isa = PBXFileReference; lastKnownFileType = image.png; path = "fb_bg@2x.png"; sourceTree = "<group>"; };
		B0AF83D11940CD17008C09D7 /* fb@2x.png */ = {isa = PBXFileReference; lastKnownFileType = image.png; path = "fb@2x.png"; sourceTree = "<group>"; };
		B0AF83DA1947479A008C09D7 /* akadaly@2x.png */ = {isa = PBXFileReference; lastKnownFileType = image.png; path = "akadaly@2x.png"; sourceTree = "<group>"; };
		B0AF83DB1947479A008C09D7 /* bg0_a3@2x.png */ = {isa = PBXFileReference; lastKnownFileType = image.png; path = "bg0_a3@2x.png"; sourceTree = "<group>"; };
		B0AF83DC1947479A008C09D7 /* felhok@2x.png */ = {isa = PBXFileReference; lastKnownFileType = image.png; path = "felhok@2x.png"; sourceTree = "<group>"; };
		B0AF83DD1947479A008C09D7 /* figura@2x.png */ = {isa = PBXFileReference; lastKnownFileType = image.png; path = "figura@2x.png"; sourceTree = "<group>"; };
		B0AF83DE1947479A008C09D7 /* testek@2x.png */ = {isa = PBXFileReference; lastKnownFileType = image.png; path = "testek@2x.png"; sourceTree = "<group>"; };
		B0AF83DF1947479A008C09D7 /* ut@2x.png */ = {isa = PBXFileReference; lastKnownFileType = image.png; path = "ut@2x.png"; sourceTree = "<group>"; };
		B0AF83E7194748A0008C09D7 /* menu_a3@2x.png */ = {isa = PBXFileReference; lastKnownFileType = image.png; path = "menu_a3@2x.png"; sourceTree = "<group>"; };
		B0AF83E8194748A0008C09D7 /* play_a3@2x.png */ = {isa = PBXFileReference; lastKnownFileType = image.png; path = "play_a3@2x.png"; sourceTree = "<group>"; };
		B0AF83E9194748A0008C09D7 /* retry_a3@2x.png */ = {isa = PBXFileReference; lastKnownFileType = image.png; path = "retry_a3@2x.png"; sourceTree = "<group>"; };
		B0AF83EA194748A0008C09D7 /* score_a3@2x.png */ = {isa = PBXFileReference; lastKnownFileType = image.png; path = "score_a3@2x.png"; sourceTree = "<group>"; };
		B0AF83EC194748A0008C09D7 /* sound_on_a3@2x.png */ = {isa = PBXFileReference; lastKnownFileType = image.png; path = "sound_on_a3@2x.png"; sourceTree = "<group>"; };
		B0AF83ED194748A0008C09D7 /* statistics_a3@2x.png */ = {isa = PBXFileReference; lastKnownFileType = image.png; path = "statistics_a3@2x.png"; sourceTree = "<group>"; };
		B0AF83EE194748A0008C09D7 /* weloux_a3@2x.png */ = {isa = PBXFileReference; lastKnownFileType = image.png; path = "weloux_a3@2x.png"; sourceTree = "<group>"; };
		B0AF83F719474AD2008C09D7 /* menu_on_a3@2x.png */ = {isa = PBXFileReference; lastKnownFileType = image.png; path = "menu_on_a3@2x.png"; sourceTree = "<group>"; };
		B0AF83F819474AD2008C09D7 /* retry_on_a3@2x.png */ = {isa = PBXFileReference; lastKnownFileType = image.png; path = "retry_on_a3@2x.png"; sourceTree = "<group>"; };
		B0AF83FB19474B50008C09D7 /* sound_off_a3@2x.png */ = {isa = PBXFileReference; lastKnownFileType = image.png; path = "sound_off_a3@2x.png"; sourceTree = "<group>"; };
		B0CEDC6F19067107006537C2 /* character@2x.png */ = {isa = PBXFileReference; lastKnownFileType = image.png; path = "character@2x.png"; sourceTree = "<group>"; };
		B0CEDC7019067107006537C2 /* object.png */ = {isa = PBXFileReference; lastKnownFileType = image.png; path = object.png; sourceTree = "<group>"; };
		B0CEDC7319067230006537C2 /* ground@2x.png */ = {isa = PBXFileReference; lastKnownFileType = image.png; path = "ground@2x.png"; sourceTree = "<group>"; };
		B0CEDC751906A07A006537C2 /* background@2x.png */ = {isa = PBXFileReference; lastKnownFileType = image.png; path = "background@2x.png"; sourceTree = "<group>"; };
		B0CEDC9C1907F894006537C2 /* backgroundfixed@2x.png */ = {isa = PBXFileReference; lastKnownFileType = image.png; path = "backgroundfixed@2x.png"; sourceTree = "<group>"; };
		B0CEDC9D1907F894006537C2 /* desertroad@2x.png */ = {isa = PBXFileReference; lastKnownFileType = image.png; path = "desertroad@2x.png"; sourceTree = "<group>"; };
		B0CEDC9E1907F894006537C2 /* eyemonster.png */ = {isa = PBXFileReference; lastKnownFileType = image.png; path = eyemonster.png; sourceTree = "<group>"; };
		B0CEDC9F1907F894006537C2 /* head@2x.png */ = {isa = PBXFileReference; lastKnownFileType = image.png; path = "head@2x.png"; sourceTree = "<group>"; };
		B0CEDCA01907F894006537C2 /* mountains@2x.png */ = {isa = PBXFileReference; lastKnownFileType = image.png; path = "mountains@2x.png"; sourceTree = "<group>"; };
		B0FF194318F1DB8900560E5E /* HighScoreManager.h */ = {isa = PBXFileReference; fileEncoding = 4; lastKnownFileType = sourcecode.c.h; path = HighScoreManager.h; sourceTree = "<group>"; };
		B0FF194418F1DB8900560E5E /* HighScoreManager.m */ = {isa = PBXFileReference; fileEncoding = 4; lastKnownFileType = sourcecode.c.objc; path = HighScoreManager.m; sourceTree = "<group>"; };
		B0FF194718F1DBAB00560E5E /* HighScoreHelper.h */ = {isa = PBXFileReference; fileEncoding = 4; lastKnownFileType = sourcecode.c.h; path = HighScoreHelper.h; sourceTree = "<group>"; };
		B0FF194818F1DBAB00560E5E /* HighScoreHelper.m */ = {isa = PBXFileReference; fileEncoding = 4; lastKnownFileType = sourcecode.c.objc; path = HighScoreHelper.m; sourceTree = "<group>"; };
		B0FF194B18F1DBD000560E5E /* HighScores.h */ = {isa = PBXFileReference; fileEncoding = 4; lastKnownFileType = sourcecode.c.h; path = HighScores.h; sourceTree = "<group>"; };
		B0FF194C18F1DBD000560E5E /* HighScores.m */ = {isa = PBXFileReference; fileEncoding = 4; lastKnownFileType = sourcecode.c.objc; path = HighScores.m; sourceTree = "<group>"; };
		B0FF194E18F1DBDA00560E5E /* DBAccessLayer.h */ = {isa = PBXFileReference; fileEncoding = 4; lastKnownFileType = sourcecode.c.h; path = DBAccessLayer.h; sourceTree = "<group>"; };
		B0FF194F18F1DBDA00560E5E /* DBAccessLayer.m */ = {isa = PBXFileReference; fileEncoding = 4; lastKnownFileType = sourcecode.c.objc; path = DBAccessLayer.m; sourceTree = "<group>"; };
		B0FF195118F1DBF700560E5E /* RunnerDataModel.xcdatamodel */ = {isa = PBXFileReference; lastKnownFileType = wrapper.xcdatamodel; path = RunnerDataModel.xcdatamodel; sourceTree = "<group>"; };
		B0FF196B18F5222700560E5E /* RJ_MusicLoop_A_v01-41328.mp3 */ = {isa = PBXFileReference; lastKnownFileType = audio.mp3; path = "RJ_MusicLoop_A_v01-41328.mp3"; sourceTree = "<group>"; };
		B0FF196D18F5242200560E5E /* Blop_A_01.wav */ = {isa = PBXFileReference; lastKnownFileType = audio.wav; path = Blop_A_01.wav; sourceTree = "<group>"; };
		B0FF196E18F5242200560E5E /* Blop_B_01.wav */ = {isa = PBXFileReference; lastKnownFileType = audio.wav; path = Blop_B_01.wav; sourceTree = "<group>"; };
		B0FF197118F524EA00560E5E /* Blop_D_01.wav */ = {isa = PBXFileReference; lastKnownFileType = audio.wav; path = Blop_D_01.wav; sourceTree = "<group>"; };
/* End PBXFileReference section */

/* Begin PBXFrameworksBuildPhase section */
		B00DB98A18ED48EE00460930 /* Frameworks */ = {
			isa = PBXFrameworksBuildPhase;
			buildActionMask = 2147483647;
			files = (
				B00DB99318ED48EF00460930 /* CoreGraphics.framework in Frameworks */,
				B00DB99518ED48EF00460930 /* UIKit.framework in Frameworks */,
				B00DB99718ED48EF00460930 /* SpriteKit.framework in Frameworks */,
				B00DB99118ED48EF00460930 /* Foundation.framework in Frameworks */,
			);
			runOnlyForDeploymentPostprocessing = 0;
		};
		B00DB9B218ED48EF00460930 /* Frameworks */ = {
			isa = PBXFrameworksBuildPhase;
			buildActionMask = 2147483647;
			files = (
				B00DB9B718ED48EF00460930 /* XCTest.framework in Frameworks */,
				B00DB9B918ED48EF00460930 /* UIKit.framework in Frameworks */,
				B00DB9B818ED48EF00460930 /* Foundation.framework in Frameworks */,
			);
			runOnlyForDeploymentPostprocessing = 0;
		};
/* End PBXFrameworksBuildPhase section */

/* Begin PBXGroup section */
		B00DB98418ED48EE00460930 = {
			isa = PBXGroup;
			children = (
				B00DB99818ED48EF00460930 /* RunnerGame */,
				B00DB9BC18ED48EF00460930 /* RunnerGameTests */,
				B00DB98F18ED48EF00460930 /* Frameworks */,
				B00DB98E18ED48EF00460930 /* Products */,
			);
			sourceTree = "<group>";
		};
		B00DB98E18ED48EF00460930 /* Products */ = {
			isa = PBXGroup;
			children = (
				B00DB98D18ED48EF00460930 /* RunnerGame.app */,
				B00DB9B518ED48EF00460930 /* RunnerGameTests.xctest */,
			);
			name = Products;
			sourceTree = "<group>";
		};
		B00DB98F18ED48EF00460930 /* Frameworks */ = {
			isa = PBXGroup;
			children = (
				B00DB99018ED48EF00460930 /* Foundation.framework */,
				B00DB99218ED48EF00460930 /* CoreGraphics.framework */,
				B00DB99418ED48EF00460930 /* UIKit.framework */,
				B00DB99618ED48EF00460930 /* SpriteKit.framework */,
				B00DB9B618ED48EF00460930 /* XCTest.framework */,
			);
			name = Frameworks;
			sourceTree = "<group>";
		};
		B00DB99818ED48EF00460930 /* RunnerGame */ = {
			isa = PBXGroup;
			children = (
				B05632F718FE620A001348A0 /* ComboManagement */,
				B0A8E71018FDD0CF00EB6D17 /* StatisticsManagement */,
				B06802A918F71C5500DAE740 /* CustomControls */,
				B0FF194118F1DB5200560E5E /* DBAccessLayer */,
				B01ED87D18EEB6A80062AB4A /* Helpers */,
				B01ED86818ED57600062AB4A /* Protocols */,
				B01ED86418ED57240062AB4A /* ContactManagement */,
				B01ED86018ED50250062AB4A /* Resources */,
				B01ED85318ED4F960062AB4A /* GameObjects */,
				B01ED85218ED4DFC0062AB4A /* Scenes */,
				B01ED85118ED4DEE0062AB4A /* ViewControllers */,
				B00DB9A118ED48EF00460930 /* AppDelegate.h */,
				B00DB9A218ED48EF00460930 /* AppDelegate.m */,
				B00DB9A418ED48EF00460930 /* Main.storyboard */,
				B00DB9AF18ED48EF00460930 /* Images.xcassets */,
				B00DB99918ED48EF00460930 /* Supporting Files */,
			);
			path = RunnerGame;
			sourceTree = "<group>";
		};
		B00DB99918ED48EF00460930 /* Supporting Files */ = {
			isa = PBXGroup;
			children = (
				B00DB99A18ED48EF00460930 /* RunnerGame-Info.plist */,
				B00DB99B18ED48EF00460930 /* InfoPlist.strings */,
				B00DB99E18ED48EF00460930 /* main.m */,
				B00DB9A018ED48EF00460930 /* RunnerGame-Prefix.pch */,
			);
			name = "Supporting Files";
			sourceTree = "<group>";
		};
		B00DB9BC18ED48EF00460930 /* RunnerGameTests */ = {
			isa = PBXGroup;
			children = (
				B00DB9C218ED48EF00460930 /* RunnerGameTests.m */,
				B00DB9BD18ED48EF00460930 /* Supporting Files */,
			);
			path = RunnerGameTests;
			sourceTree = "<group>";
		};
		B00DB9BD18ED48EF00460930 /* Supporting Files */ = {
			isa = PBXGroup;
			children = (
				B00DB9BE18ED48EF00460930 /* RunnerGameTests-Info.plist */,
				B00DB9BF18ED48EF00460930 /* InfoPlist.strings */,
			);
			name = "Supporting Files";
			sourceTree = "<group>";
		};
		B01E6675192A02C300C62543 /* A1 */ = {
			isa = PBXGroup;
			children = (
				B01E66AC192B747000C62543 /* bg0@2x.png */,
				B01E66AD192B747000C62543 /* bg1@2x.png */,
				B01E66AE192B747000C62543 /* bg2@2x.png */,
				B01E66A6192B3EC100C62543 /* bg1_a1@2x.png */,
				B01E66A7192B3EC100C62543 /* bg2_a1@2x.png */,
				B01E66A8192B3EC100C62543 /* bg3_a1@2x.png */,
				B01E669C192A20F400C62543 /* gameover_bg@2x.png */,
				B01E669D192A20F400C62543 /* main_bg__@2x.png */,
				B01E667A192A035100C62543 /* character_a1@2x.png */,
				B01E667B192A035100C62543 /* object_a1@2x.png */,
			);
			name = A1;
			sourceTree = "<group>";
		};
		B01E66CA1935D57700C62543 /* ES1 */ = {
			isa = PBXGroup;
			children = (
				B01E66CB1935D5BB00C62543 /* background1_es@2x.png */,
				B01E66CC1935D5BB00C62543 /* background2_es@2x.png */,
				B01E66CD1935D5BB00C62543 /* background3_es@2x.png */,
			);
			name = ES1;
			sourceTree = "<group>";
		};
		B01ED85118ED4DEE0062AB4A /* ViewControllers */ = {
			isa = PBXGroup;
			children = (
				B00DB9A718ED48EF00460930 /* MainScreenController.h */,
				B00DB9A818ED48EF00460930 /* MainScreenController.m */,
				B06802A318F7164E00DAE740 /* GameSceneController.h */,
				B06802A418F7164E00DAE740 /* GameSceneController.m */,
				B06802A618F7184200DAE740 /* HighScoresController.h */,
				B06802A718F7184200DAE740 /* HighScoresController.m */,
				B0A8E71418FDD98B00EB6D17 /* StatisticsViewController.h */,
				B0A8E71518FDD98B00EB6D17 /* StatisticsViewController.m */,
			);
			name = ViewControllers;
			sourceTree = "<group>";
		};
		B01ED85218ED4DFC0062AB4A /* Scenes */ = {
			isa = PBXGroup;
			children = (
				B00DB9AA18ED48EF00460930 /* GameScene.h */,
				B00DB9AB18ED48EF00460930 /* GameScene.m */,
				B05632D818FD1602001348A0 /* GameOverScene.h */,
				B05632D918FD1602001348A0 /* GameOverScene.m */,
			);
			name = Scenes;
			sourceTree = "<group>";
		};
		B01ED85318ED4F960062AB4A /* GameObjects */ = {
			isa = PBXGroup;
			children = (
				B01ED87818EEAEDC0062AB4A /* ParallaxBG.h */,
				B01ED87918EEAEDC0062AB4A /* ParallaxBG.m */,
				B01ED85418ED4FAB0062AB4A /* Runner.h */,
				B01ED85518ED4FAB0062AB4A /* Runner.m */,
				B01ED85718ED4FD50062AB4A /* Barrier.h */,
				B01ED85818ED4FD50062AB4A /* Barrier.m */,
				B01ED85A18ED4FE70062AB4A /* Ground.h */,
				B01ED85B18ED4FE70062AB4A /* Ground.m */,
				B01ED85D18ED4FF90062AB4A /* GameObject.h */,
				B01ED85E18ED4FF90062AB4A /* GameObject.m */,
				B05632FD18FE6944001348A0 /* HighScoreIndicator.h */,
				B05632FE18FE6944001348A0 /* HighScoreIndicator.m */,
			);
			name = GameObjects;
			sourceTree = "<group>";
		};
		B01ED86018ED50250062AB4A /* Resources */ = {
			isa = PBXGroup;
			children = (
				B04FC1DC194990690092233F /* Sounds */,
				B04FC1B9194989BA0092233F /* A4 */,
				B0AF83D9194746D7008C09D7 /* A3 */,
				B0AF839819408E15008C09D7 /* A2 */,
				B01E66CA1935D57700C62543 /* ES1 */,
				B01E6675192A02C300C62543 /* A1 */,
				B0CEDC9C1907F894006537C2 /* backgroundfixed@2x.png */,
				B0CEDC9D1907F894006537C2 /* desertroad@2x.png */,
				B0CEDC9E1907F894006537C2 /* eyemonster.png */,
				B0CEDC9F1907F894006537C2 /* head@2x.png */,
				B0CEDCA01907F894006537C2 /* mountains@2x.png */,
				B0CEDC751906A07A006537C2 /* background@2x.png */,
				B0CEDC7319067230006537C2 /* ground@2x.png */,
				B0CEDC6F19067107006537C2 /* character@2x.png */,
				B0CEDC7019067107006537C2 /* object.png */,
				B05632FB18FE62FE001348A0 /* star@2x.png */,
				B0A8E71718FDDCE700EB6D17 /* statistics_icon.png */,
				B05632F518FD83D8001348A0 /* runner_verymad@2x.png */,
				B05632F318FD77FF001348A0 /* runner_mad@2x.png */,
				B05632F118FD6769001348A0 /* button.png */,
				B05632EF18FD5D5C001348A0 /* DeathB1_05.mp3 */,
				B05632DC18FD2285001348A0 /* expletus_sans */,
				B084644418F8AB2E00892252 /* RJ_MusicLoop_A_v02-85195.mp3 */,
				B0FF197118F524EA00560E5E /* Blop_D_01.wav */,
				B0FF196D18F5242200560E5E /* Blop_A_01.wav */,
				B0FF196E18F5242200560E5E /* Blop_B_01.wav */,
				B0FF196B18F5222700560E5E /* RJ_MusicLoop_A_v01-41328.mp3 */,
				B01ED87B18EEB1030062AB4A /* square.png */,
				B01ED86A18ED5F4D0062AB4A /* runner@2x.png */,
				B01ED86118ED50350062AB4A /* Constants.h */,
				B01ED87418EDB7480062AB4A /* SliderEffect.sks */,
				B01ED87518EDB7480062AB4A /* spark.png */,
				B01ED88818EEDDE70062AB4A /* BoomEffect.sks */,
			);
			name = Resources;
			sourceTree = "<group>";
		};
		B01ED86418ED57240062AB4A /* ContactManagement */ = {
			isa = PBXGroup;
			children = (
				B01ED86518ED57370062AB4A /* ContactManager.h */,
				B01ED86618ED57370062AB4A /* ContactManager.m */,
			);
			name = ContactManagement;
			sourceTree = "<group>";
		};
		B01ED86818ED57600062AB4A /* Protocols */ = {
			isa = PBXGroup;
			children = (
				B01ED86918ED578A0062AB4A /* ContactManagerDelegate.h */,
				B06802AF18F7211800DAE740 /* GameSceneHandlerDelegate.h */,
				B05632DB18FD1844001348A0 /* GameOverSceneDelegate.h */,
			);
			name = Protocols;
			sourceTree = "<group>";
		};
		B01ED87D18EEB6A80062AB4A /* Helpers */ = {
			isa = PBXGroup;
			children = (
				B01ED87E18EEB6D40062AB4A /* CommonTools.h */,
				B01ED87F18EEB6D40062AB4A /* CommonTools.m */,
				B0A8E70D18FDCFAE00EB6D17 /* StatisticsHelper.h */,
				B0A8E70E18FDCFAE00EB6D17 /* StatisticsHelper.m */,
			);
			name = Helpers;
			sourceTree = "<group>";
		};
		B04FC1B9194989BA0092233F /* A4 */ = {
			isa = PBXGroup;
			children = (
				B04FC1FC194AE7DA0092233F /* high_score_bg_a4-568h@2x.png */,
				B04FC1FD194AE7DA0092233F /* high_score_bg_a4@2x.png */,
				B04FC1FE194AE7DA0092233F /* statistics_bg_a4-568h@2x.png */,
				B04FC1FF194AE7DA0092233F /* statistics_bg_a4@2x.png */,
				B04FC1F8194AE6490092233F /* game_over_bg_a4-568h@2x.png */,
				B04FC1F9194AE6490092233F /* game_over_bg_a4@2x.png */,
				B04FC1EE194A12BB0092233F /* square_a4.png */,
				B04FC1EB194A0B6D0092233F /* Fonts */,
				B04FC1E51949D2920092233F /* main_bg_a4-568h@2x.png */,
				B04FC1E61949D2920092233F /* main_bg_a4@2x.png */,
				B04FC1BA194989E30092233F /* akadaly_a4@2x.png */,
				B04FC1BB194989E30092233F /* fb_a4@2x.png */,
				B04FC1BC194989E30092233F /* felhok_a4@2x.png */,
				B04FC1BD194989E30092233F /* figura_a4@2x.png */,
				B04FC1BE194989E30092233F /* hatter_a4@2x.png */,
				B04FC1BF194989E30092233F /* home_a4@2x.png */,
				B04FC1C0194989E30092233F /* menu_a4@2x.png */,
				B04FC1C1194989E30092233F /* menu_on_a4@2x.png */,
				B04FC1C2194989E30092233F /* play_a4@2x.png */,
				B04FC1C3194989E30092233F /* retry_a4@2x.png */,
				B04FC1C4194989E30092233F /* retry_on_a4@2x.png */,
				B04FC1C5194989E30092233F /* score_a4@2x.png */,
				B04FC1C6194989E30092233F /* sound_off_a4@2x.png */,
				B04FC1C7194989E30092233F /* sound_on_a4@2x.png */,
				B04FC1C8194989E30092233F /* statistic_a4@2x.png */,
				B04FC1C9194989E30092233F /* testek_a4@2x.png */,
				B04FC1CA194989E30092233F /* ut_a4@2x.png */,
			);
			name = A4;
			sourceTree = "<group>";
		};
		B04FC1DC194990690092233F /* Sounds */ = {
			isa = PBXGroup;
			children = (
				B04FC1DD194991040092233F /* death.mp3 */,
				B04FC1DE194991040092233F /* jump.wav */,
				B04FC1DF194991040092233F /* main_theme.mp3 */,
				B04FC1E0194991040092233F /* reward.wav */,
			);
			name = Sounds;
			sourceTree = "<group>";
		};
		B04FC1EB194A0B6D0092233F /* Fonts */ = {
			isa = PBXGroup;
			children = (
				B04FC1EC194A0B7C0092233F /* PoetsenOne-Regular.ttf */,
			);
			name = Fonts;
			sourceTree = "<group>";
		};
		B05632DC18FD2285001348A0 /* expletus_sans */ = {
			isa = PBXGroup;
			children = (
				B05632DD18FD2285001348A0 /* ExpletusSans-Bold.ttf */,
				B05632DE18FD2285001348A0 /* ExpletusSans-BoldItalic.ttf */,
				B05632DF18FD2285001348A0 /* ExpletusSans-Italic.ttf */,
				B05632E018FD2285001348A0 /* ExpletusSans-Medium.ttf */,
				B05632E118FD2285001348A0 /* ExpletusSans-MediumItalic.ttf */,
				B05632E218FD2285001348A0 /* ExpletusSans-Regular.ttf */,
				B05632E318FD2285001348A0 /* ExpletusSans-SemiBold.ttf */,
				B05632E418FD2285001348A0 /* ExpletusSans-SemiBoldItalic.ttf */,
				B05632E518FD2285001348A0 /* OFL.txt */,
			);
			path = expletus_sans;
			sourceTree = "<group>";
		};
		B05632F718FE620A001348A0 /* ComboManagement */ = {
			isa = PBXGroup;
			children = (
				B05632F818FE6221001348A0 /* ComboManager.h */,
				B05632F918FE6221001348A0 /* ComboManager.m */,
			);
			name = ComboManagement;
			sourceTree = "<group>";
		};
		B06802A918F71C5500DAE740 /* CustomControls */ = {
			isa = PBXGroup;
			children = (
				B06802AA18F71C7000DAE740 /* HighScoreCell.h */,
				B06802AB18F71C7000DAE740 /* HighScoreCell.m */,
				B06802AC18F71C7000DAE740 /* HighScoreCell.xib */,
				B04FC204194AF4410092233F /* StrokeLabel.h */,
				B04FC205194AF4410092233F /* StrokeLabel.m */,
			);
			name = CustomControls;
			sourceTree = "<group>";
		};
		B0A8E71018FDD0CF00EB6D17 /* StatisticsManagement */ = {
			isa = PBXGroup;
			children = (
				B0A8E71118FDD0EF00EB6D17 /* StatisticsManager.h */,
				B0A8E71218FDD0EF00EB6D17 /* StatisticsManager.m */,
			);
			name = StatisticsManagement;
			sourceTree = "<group>";
		};
		B0AF839819408E15008C09D7 /* A2 */ = {
			isa = PBXGroup;
			children = (
				B0AF83C71940A320008C09D7 /* Default@2x.png */,
				B0AF83C31940A311008C09D7 /* Default-568h@2x.png */,
				B0AF83B21940933A008C09D7 /* GameObjectImages */,
				B0AF8399194091EF008C09D7 /* Buttons */,
			);
			name = A2;
			sourceTree = "<group>";
		};
		B0AF8399194091EF008C09D7 /* Buttons */ = {
			isa = PBXGroup;
			children = (
				B0AF83D11940CD17008C09D7 /* fb@2x.png */,
				B0AF83CD1940CC61008C09D7 /* fb_bg@2x.png */,
				B0AF83CB1940CAE9008C09D7 /* statistik@2x.png */,
				B0AF83C119409C66008C09D7 /* play@2x.png */,
				B0AF839A1940932F008C09D7 /* menu_on@2x.png */,
				B0AF839B1940932F008C09D7 /* menu@2x.png */,
				B0AF839C1940932F008C09D7 /* play_on@2x.png */,
				B0AF839E1940932F008C09D7 /* retry_on@2x.png */,
				B0AF839F1940932F008C09D7 /* retry@2x.png */,
				B0AF83A01940932F008C09D7 /* score_on@2x.png */,
				B0AF83A11940932F008C09D7 /* score@2x.png */,
				B0AF83A21940932F008C09D7 /* sound_off@2x.png */,
				B0AF83A31940932F008C09D7 /* sound_on@2x.png */,
				B0AF83A41940932F008C09D7 /* weloux_on@2x.png */,
				B0AF83A51940932F008C09D7 /* weloux@2x.png */,
			);
			name = Buttons;
			sourceTree = "<group>";
		};
		B0AF83B21940933A008C09D7 /* GameObjectImages */ = {
			isa = PBXGroup;
			children = (
				B0AF83C91940A4FB008C09D7 /* main_bg@2x.png */,
				B0AF83BF1940970F008C09D7 /* barrier@2x.png */,
				B0AF83B319409598008C09D7 /* ass_effect@2x.png */,
				B0AF83B419409598008C09D7 /* bandit@2x.png */,
				B0AF83B719409598008C09D7 /* main_bg-568h@2x.png */,
				B0AF83B819409598008C09D7 /* road@2x.png */,
			);
			name = GameObjectImages;
			sourceTree = "<group>";
		};
		B0AF83D9194746D7008C09D7 /* A3 */ = {
			isa = PBXGroup;
			children = (
				B0AF83FD19474BEF008C09D7 /* Icons */,
				B0AF83E6194747A0008C09D7 /* Buttons */,
				B0AF83DA1947479A008C09D7 /* akadaly@2x.png */,
				B0AF83DB1947479A008C09D7 /* bg0_a3@2x.png */,
				B0AF83DC1947479A008C09D7 /* felhok@2x.png */,
				B0AF83DD1947479A008C09D7 /* figura@2x.png */,
				B0AF83DE1947479A008C09D7 /* testek@2x.png */,
				B0AF83DF1947479A008C09D7 /* ut@2x.png */,
			);
			name = A3;
			sourceTree = "<group>";
		};
		B0AF83E6194747A0008C09D7 /* Buttons */ = {
			isa = PBXGroup;
			children = (
				B0AF83FB19474B50008C09D7 /* sound_off_a3@2x.png */,
				B0AF83F719474AD2008C09D7 /* menu_on_a3@2x.png */,
				B0AF83F819474AD2008C09D7 /* retry_on_a3@2x.png */,
				B0AF83E7194748A0008C09D7 /* menu_a3@2x.png */,
				B0AF83E8194748A0008C09D7 /* play_a3@2x.png */,
				B0AF83E9194748A0008C09D7 /* retry_a3@2x.png */,
				B0AF83EA194748A0008C09D7 /* score_a3@2x.png */,
				B0AF83EC194748A0008C09D7 /* sound_on_a3@2x.png */,
				B0AF83ED194748A0008C09D7 /* statistics_a3@2x.png */,
				B0AF83EE194748A0008C09D7 /* weloux_a3@2x.png */,
			);
			name = Buttons;
			sourceTree = "<group>";
		};
		B0AF83FD19474BEF008C09D7 /* Icons */ = {
			isa = PBXGroup;
			children = (
				B04FC1F4194AD9570092233F /* Icon.png */,
				B04FC1F5194AD9570092233F /* Icon@2x.png */,
			);
			name = Icons;
			sourceTree = "<group>";
		};
		B0FF194118F1DB5200560E5E /* DBAccessLayer */ = {
			isa = PBXGroup;
			children = (
				B0FF195118F1DBF700560E5E /* RunnerDataModel.xcdatamodel */,
				B0FF194E18F1DBDA00560E5E /* DBAccessLayer.h */,
				B0FF194F18F1DBDA00560E5E /* DBAccessLayer.m */,
				B0FF194A18F1DBBF00560E5E /* Entities */,
				B0FF194618F1DB9900560E5E /* EntityHelpers */,
				B0FF194218F1DB6B00560E5E /* Managers */,
			);
			name = DBAccessLayer;
			sourceTree = "<group>";
		};
		B0FF194218F1DB6B00560E5E /* Managers */ = {
			isa = PBXGroup;
			children = (
				B0FF194318F1DB8900560E5E /* HighScoreManager.h */,
				B0FF194418F1DB8900560E5E /* HighScoreManager.m */,
			);
			name = Managers;
			sourceTree = "<group>";
		};
		B0FF194618F1DB9900560E5E /* EntityHelpers */ = {
			isa = PBXGroup;
			children = (
				B0FF194718F1DBAB00560E5E /* HighScoreHelper.h */,
				B0FF194818F1DBAB00560E5E /* HighScoreHelper.m */,
			);
			name = EntityHelpers;
			sourceTree = "<group>";
		};
		B0FF194A18F1DBBF00560E5E /* Entities */ = {
			isa = PBXGroup;
			children = (
				B0FF194B18F1DBD000560E5E /* HighScores.h */,
				B0FF194C18F1DBD000560E5E /* HighScores.m */,
			);
			name = Entities;
			sourceTree = "<group>";
		};
/* End PBXGroup section */

/* Begin PBXNativeTarget section */
		B00DB98C18ED48EE00460930 /* RunnerGame */ = {
			isa = PBXNativeTarget;
			buildConfigurationList = B00DB9C618ED48EF00460930 /* Build configuration list for PBXNativeTarget "RunnerGame" */;
			buildPhases = (
				B00DB98918ED48EE00460930 /* Sources */,
				B00DB98A18ED48EE00460930 /* Frameworks */,
				B00DB98B18ED48EE00460930 /* Resources */,
			);
			buildRules = (
			);
			dependencies = (
			);
			name = RunnerGame;
			productName = RunnerGame;
			productReference = B00DB98D18ED48EF00460930 /* RunnerGame.app */;
			productType = "com.apple.product-type.application";
		};
		B00DB9B418ED48EF00460930 /* RunnerGameTests */ = {
			isa = PBXNativeTarget;
			buildConfigurationList = B00DB9C918ED48EF00460930 /* Build configuration list for PBXNativeTarget "RunnerGameTests" */;
			buildPhases = (
				B00DB9B118ED48EF00460930 /* Sources */,
				B00DB9B218ED48EF00460930 /* Frameworks */,
				B00DB9B318ED48EF00460930 /* Resources */,
			);
			buildRules = (
			);
			dependencies = (
				B00DB9BB18ED48EF00460930 /* PBXTargetDependency */,
			);
			name = RunnerGameTests;
			productName = RunnerGameTests;
			productReference = B00DB9B518ED48EF00460930 /* RunnerGameTests.xctest */;
			productType = "com.apple.product-type.bundle.unit-test";
		};
/* End PBXNativeTarget section */

/* Begin PBXProject section */
		B00DB98518ED48EE00460930 /* Project object */ = {
			isa = PBXProject;
			attributes = {
				LastUpgradeCheck = 0510;
				ORGANIZATIONNAME = Weloux;
				TargetAttributes = {
					B00DB98C18ED48EE00460930 = {
						DevelopmentTeam = Y262LAFNWV;
					};
					B00DB9B418ED48EF00460930 = {
						TestTargetID = B00DB98C18ED48EE00460930;
					};
				};
			};
			buildConfigurationList = B00DB98818ED48EE00460930 /* Build configuration list for PBXProject "RunnerGame" */;
			compatibilityVersion = "Xcode 3.2";
			developmentRegion = English;
			hasScannedForEncodings = 0;
			knownRegions = (
				en,
				Base,
			);
			mainGroup = B00DB98418ED48EE00460930;
			productRefGroup = B00DB98E18ED48EF00460930 /* Products */;
			projectDirPath = "";
			projectRoot = "";
			targets = (
				B00DB98C18ED48EE00460930 /* RunnerGame */,
				B00DB9B418ED48EF00460930 /* RunnerGameTests */,
			);
		};
/* End PBXProject section */

/* Begin PBXResourcesBuildPhase section */
		B00DB98B18ED48EE00460930 /* Resources */ = {
			isa = PBXResourcesBuildPhase;
			buildActionMask = 2147483647;
			files = (
				B04FC1ED194A0D7D0092233F /* PoetsenOne-Regular.ttf in Resources */,
				B01E669F192A20F400C62543 /* main_bg__@2x.png in Resources */,
				B04FC1FA194AE6490092233F /* game_over_bg_a4-568h@2x.png in Resources */,
				B00DB99D18ED48EF00460930 /* InfoPlist.strings in Resources */,
				B04FC1D4194989E30092233F /* retry_a4@2x.png in Resources */,
				B01ED87718EDB7480062AB4A /* spark.png in Resources */,
				B01E66B0192B747000C62543 /* bg1@2x.png in Resources */,
				B0AF83CE1940CC61008C09D7 /* fb_bg@2x.png in Resources */,
				B04FC1E4194991040092233F /* reward.wav in Resources */,
				B05632E718FD2285001348A0 /* ExpletusSans-BoldItalic.ttf in Resources */,
				B05632F018FD5D5C001348A0 /* DeathB1_05.mp3 in Resources */,
				B0CEDCA11907F894006537C2 /* backgroundfixed@2x.png in Resources */,
				B04FC1D1194989E30092233F /* menu_a4@2x.png in Resources */,
				B05632FC18FE62FE001348A0 /* star@2x.png in Resources */,
				B05632ED18FD2285001348A0 /* ExpletusSans-SemiBoldItalic.ttf in Resources */,
				B06802AE18F71C7000DAE740 /* HighScoreCell.xib in Resources */,
				B04FC1D0194989E30092233F /* home_a4@2x.png in Resources */,
				B05632F218FD6769001348A0 /* button.png in Resources */,
				B04FC1D8194989E30092233F /* sound_on_a4@2x.png in Resources */,
				B04FC1CD194989E30092233F /* felhok_a4@2x.png in Resources */,
				B0AF83FA19474AD2008C09D7 /* retry_on_a3@2x.png in Resources */,
				B0AF83F6194748A0008C09D7 /* weloux_a3@2x.png in Resources */,
				B05632F618FD83D8001348A0 /* runner_verymad@2x.png in Resources */,
				B04FC1D6194989E30092233F /* score_a4@2x.png in Resources */,
				B04FC1D2194989E30092233F /* menu_on_a4@2x.png in Resources */,
				B0AF83F5194748A0008C09D7 /* statistics_a3@2x.png in Resources */,
				B0AF83C81940A320008C09D7 /* Default@2x.png in Resources */,
				B0AF83B11940932F008C09D7 /* weloux@2x.png in Resources */,
				B04FC203194AE7DA0092233F /* statistics_bg_a4@2x.png in Resources */,
				B01E669E192A20F400C62543 /* gameover_bg@2x.png in Resources */,
				B0CEDCA41907F894006537C2 /* head@2x.png in Resources */,
				B04FC1CF194989E30092233F /* hatter_a4@2x.png in Resources */,
				B0AF83AA1940932F008C09D7 /* retry_on@2x.png in Resources */,
				B04FC202194AE7DA0092233F /* statistics_bg_a4-568h@2x.png in Resources */,
				B0AF83BA19409598008C09D7 /* bandit@2x.png in Resources */,
				B0FF196F18F5242200560E5E /* Blop_A_01.wav in Resources */,
				B0FF197018F5242200560E5E /* Blop_B_01.wav in Resources */,
				B0AF83FC19474B50008C09D7 /* sound_off_a3@2x.png in Resources */,
				B00DB9B018ED48EF00460930 /* Images.xcassets in Resources */,
				B0AF83AC1940932F008C09D7 /* score_on@2x.png in Resources */,
				B04FC1D5194989E30092233F /* retry_on_a4@2x.png in Resources */,
				B0AF83B919409598008C09D7 /* ass_effect@2x.png in Resources */,
				B0AF83BD19409598008C09D7 /* main_bg-568h@2x.png in Resources */,
				B0CEDCA51907F894006537C2 /* mountains@2x.png in Resources */,
				B0AF83F1194748A0008C09D7 /* retry_a3@2x.png in Resources */,
				B0CEDC7119067107006537C2 /* character@2x.png in Resources */,
				B04FC1FB194AE6490092233F /* game_over_bg_a4@2x.png in Resources */,
				B0AF83A81940932F008C09D7 /* play_on@2x.png in Resources */,
				B0AF83CA1940A4FB008C09D7 /* main_bg@2x.png in Resources */,
				B01ED87C18EEB1030062AB4A /* square.png in Resources */,
				B0CEDC7419067230006537C2 /* ground@2x.png in Resources */,
				B01ED86B18ED5F4D0062AB4A /* runner@2x.png in Resources */,
				B04FC1F7194AD9570092233F /* Icon@2x.png in Resources */,
				B0FF196C18F5222700560E5E /* RJ_MusicLoop_A_v01-41328.mp3 in Resources */,
				B04FC1DA194989E30092233F /* testek_a4@2x.png in Resources */,
				B0A8E71818FDDCE700EB6D17 /* statistics_icon.png in Resources */,
				B01ED87618EDB7480062AB4A /* SliderEffect.sks in Resources */,
				B0AF83C51940A311008C09D7 /* Default-568h@2x.png in Resources */,
				B04FC201194AE7DA0092233F /* high_score_bg_a4@2x.png in Resources */,
				B0AF83BE19409598008C09D7 /* road@2x.png in Resources */,
				B0AF83E41947479A008C09D7 /* testek@2x.png in Resources */,
				B0FF197218F524EA00560E5E /* Blop_D_01.wav in Resources */,
				B0AF83CC1940CAE9008C09D7 /* statistik@2x.png in Resources */,
				B0CEDC7219067107006537C2 /* object.png in Resources */,
				B0AF83E01947479A008C09D7 /* akadaly@2x.png in Resources */,
				B0AF83F4194748A0008C09D7 /* sound_on_a3@2x.png in Resources */,
				B05632EA18FD2285001348A0 /* ExpletusSans-MediumItalic.ttf in Resources */,
				B01E66CE1935D5BB00C62543 /* background1_es@2x.png in Resources */,
				B01E667C192A035100C62543 /* character_a1@2x.png in Resources */,
				B05632EE18FD2285001348A0 /* OFL.txt in Resources */,
				B00DB9A618ED48EF00460930 /* Main.storyboard in Resources */,
				B0AF83A71940932F008C09D7 /* menu@2x.png in Resources */,
				B04FC1F6194AD9570092233F /* Icon.png in Resources */,
				B0AF83E21947479A008C09D7 /* felhok@2x.png in Resources */,
				B05632E818FD2285001348A0 /* ExpletusSans-Italic.ttf in Resources */,
				B01E667D192A035100C62543 /* object_a1@2x.png in Resources */,
				B0AF83C219409C66008C09D7 /* play@2x.png in Resources */,
				B05632EB18FD2285001348A0 /* ExpletusSans-Regular.ttf in Resources */,
				B04FC1E71949D2920092233F /* main_bg_a4-568h@2x.png in Resources */,
				B04FC1D3194989E30092233F /* play_a4@2x.png in Resources */,
				B0AF83AF1940932F008C09D7 /* sound_on@2x.png in Resources */,
				B04FC1E81949D2920092233F /* main_bg_a4@2x.png in Resources */,
				B04FC1CB194989E30092233F /* akadaly_a4@2x.png in Resources */,
				B04FC200194AE7DA0092233F /* high_score_bg_a4-568h@2x.png in Resources */,
				B04FC1CC194989E30092233F /* fb_a4@2x.png in Resources */,
				B04FC1E2194991040092233F /* jump.wav in Resources */,
				B0AF83F0194748A0008C09D7 /* play_a3@2x.png in Resources */,
				B05632EC18FD2285001348A0 /* ExpletusSans-SemiBold.ttf in Resources */,
				B04FC1D9194989E30092233F /* statistic_a4@2x.png in Resources */,
				B0CEDCA31907F894006537C2 /* eyemonster.png in Resources */,
				B04FC1E1194991040092233F /* death.mp3 in Resources */,
				B01E66D01935D5BB00C62543 /* background3_es@2x.png in Resources */,
				B05632E918FD2285001348A0 /* ExpletusSans-Medium.ttf in Resources */,
				B04FC1E3194991040092233F /* main_theme.mp3 in Resources */,
				B084644518F8AB2E00892252 /* RJ_MusicLoop_A_v02-85195.mp3 in Resources */,
				B01E66B1192B747000C62543 /* bg2@2x.png in Resources */,
				B01E66CF1935D5BB00C62543 /* background2_es@2x.png in Resources */,
				B05632F418FD77FF001348A0 /* runner_mad@2x.png in Resources */,
				B04FC1D7194989E30092233F /* sound_off_a4@2x.png in Resources */,
				B01E66AF192B747000C62543 /* bg0@2x.png in Resources */,
				B0AF83F919474AD2008C09D7 /* menu_on_a3@2x.png in Resources */,
				B0AF83E51947479A008C09D7 /* ut@2x.png in Resources */,
				B0AF83A61940932F008C09D7 /* menu_on@2x.png in Resources */,
				B04FC1DB194989E30092233F /* ut_a4@2x.png in Resources */,
				B0AF83F2194748A0008C09D7 /* score_a3@2x.png in Resources */,
				B01ED88918EEDDE70062AB4A /* BoomEffect.sks in Resources */,
				B0AF83D21940CD17008C09D7 /* fb@2x.png in Resources */,
				B0AF83AB1940932F008C09D7 /* retry@2x.png in Resources */,
				B0AF83E31947479A008C09D7 /* figura@2x.png in Resources */,
				B0AF83B01940932F008C09D7 /* weloux_on@2x.png in Resources */,
				B04FC1EF194A12BB0092233F /* square_a4.png in Resources */,
				B0AF83EF194748A0008C09D7 /* menu_a3@2x.png in Resources */,
				B0AF83AE1940932F008C09D7 /* sound_off@2x.png in Resources */,
				B0AF83C01940970F008C09D7 /* barrier@2x.png in Resources */,
				B01E66AB192B3EC100C62543 /* bg3_a1@2x.png in Resources */,
				B0CEDC771906A07A006537C2 /* background@2x.png in Resources */,
				B0AF83E11947479A008C09D7 /* bg0_a3@2x.png in Resources */,
				B01E66A9192B3EC100C62543 /* bg1_a1@2x.png in Resources */,
				B0AF83AD1940932F008C09D7 /* score@2x.png in Resources */,
				B0CEDCA21907F894006537C2 /* desertroad@2x.png in Resources */,
				B01E66AA192B3EC100C62543 /* bg2_a1@2x.png in Resources */,
				B05632E618FD2285001348A0 /* ExpletusSans-Bold.ttf in Resources */,
				B04FC1CE194989E30092233F /* figura_a4@2x.png in Resources */,
			);
			runOnlyForDeploymentPostprocessing = 0;
		};
		B00DB9B318ED48EF00460930 /* Resources */ = {
			isa = PBXResourcesBuildPhase;
			buildActionMask = 2147483647;
			files = (
				B00DB9C118ED48EF00460930 /* InfoPlist.strings in Resources */,
			);
			runOnlyForDeploymentPostprocessing = 0;
		};
/* End PBXResourcesBuildPhase section */

/* Begin PBXSourcesBuildPhase section */
		B00DB98918ED48EE00460930 /* Sources */ = {
			isa = PBXSourcesBuildPhase;
			buildActionMask = 2147483647;
			files = (
				B01ED88018EEB6D40062AB4A /* CommonTools.m in Sources */,
				B06802A518F7164E00DAE740 /* GameSceneController.m in Sources */,
				B01ED85F18ED4FF90062AB4A /* GameObject.m in Sources */,
				B01ED87A18EEAEDC0062AB4A /* ParallaxBG.m in Sources */,
				B0FF195218F1DBF700560E5E /* RunnerDataModel.xcdatamodel in Sources */,
				B0A8E70F18FDCFAE00EB6D17 /* StatisticsHelper.m in Sources */,
				B00DB9AC18ED48EF00460930 /* GameScene.m in Sources */,
				B06802A818F7184200DAE740 /* HighScoresController.m in Sources */,
				B0FF194518F1DB8900560E5E /* HighScoreManager.m in Sources */,
				B01ED85918ED4FD50062AB4A /* Barrier.m in Sources */,
				B04FC206194AF4410092233F /* StrokeLabel.m in Sources */,
				B0A8E71318FDD0EF00EB6D17 /* StatisticsManager.m in Sources */,
				B00DB9A918ED48EF00460930 /* MainScreenController.m in Sources */,
				B05632FA18FE6221001348A0 /* ComboManager.m in Sources */,
				B05632DA18FD1602001348A0 /* GameOverScene.m in Sources */,
				B05632FF18FE6944001348A0 /* HighScoreIndicator.m in Sources */,
				B0FF195018F1DBDA00560E5E /* DBAccessLayer.m in Sources */,
				B01ED86718ED57370062AB4A /* ContactManager.m in Sources */,
				B00DB9A318ED48EF00460930 /* AppDelegate.m in Sources */,
				B00DB99F18ED48EF00460930 /* main.m in Sources */,
				B01ED85618ED4FAB0062AB4A /* Runner.m in Sources */,
				B0A8E71618FDD98B00EB6D17 /* StatisticsViewController.m in Sources */,
				B06802AD18F71C7000DAE740 /* HighScoreCell.m in Sources */,
				B0FF194918F1DBAB00560E5E /* HighScoreHelper.m in Sources */,
				B0FF194D18F1DBD000560E5E /* HighScores.m in Sources */,
				B01ED85C18ED4FE70062AB4A /* Ground.m in Sources */,
			);
			runOnlyForDeploymentPostprocessing = 0;
		};
		B00DB9B118ED48EF00460930 /* Sources */ = {
			isa = PBXSourcesBuildPhase;
			buildActionMask = 2147483647;
			files = (
				B00DB9C318ED48EF00460930 /* RunnerGameTests.m in Sources */,
			);
			runOnlyForDeploymentPostprocessing = 0;
		};
/* End PBXSourcesBuildPhase section */

/* Begin PBXTargetDependency section */
		B00DB9BB18ED48EF00460930 /* PBXTargetDependency */ = {
			isa = PBXTargetDependency;
			target = B00DB98C18ED48EE00460930 /* RunnerGame */;
			targetProxy = B00DB9BA18ED48EF00460930 /* PBXContainerItemProxy */;
		};
/* End PBXTargetDependency section */

/* Begin PBXVariantGroup section */
		B00DB99B18ED48EF00460930 /* InfoPlist.strings */ = {
			isa = PBXVariantGroup;
			children = (
				B00DB99C18ED48EF00460930 /* en */,
			);
			name = InfoPlist.strings;
			sourceTree = "<group>";
		};
		B00DB9A418ED48EF00460930 /* Main.storyboard */ = {
			isa = PBXVariantGroup;
			children = (
				B00DB9A518ED48EF00460930 /* Base */,
			);
			name = Main.storyboard;
			sourceTree = "<group>";
		};
		B00DB9BF18ED48EF00460930 /* InfoPlist.strings */ = {
			isa = PBXVariantGroup;
			children = (
				B00DB9C018ED48EF00460930 /* en */,
			);
			name = InfoPlist.strings;
			sourceTree = "<group>";
		};
/* End PBXVariantGroup section */

/* Begin XCBuildConfiguration section */
		B00DB9C418ED48EF00460930 /* Debug */ = {
			isa = XCBuildConfiguration;
			buildSettings = {
				ALWAYS_SEARCH_USER_PATHS = NO;
				CLANG_CXX_LANGUAGE_STANDARD = "gnu++0x";
				CLANG_CXX_LIBRARY = "libc++";
				CLANG_ENABLE_MODULES = YES;
				CLANG_ENABLE_OBJC_ARC = YES;
				CLANG_WARN_BOOL_CONVERSION = YES;
				CLANG_WARN_CONSTANT_CONVERSION = YES;
				CLANG_WARN_DIRECT_OBJC_ISA_USAGE = YES_ERROR;
				CLANG_WARN_EMPTY_BODY = YES;
				CLANG_WARN_ENUM_CONVERSION = YES;
				CLANG_WARN_INT_CONVERSION = YES;
				CLANG_WARN_OBJC_ROOT_CLASS = YES_ERROR;
				CLANG_WARN__DUPLICATE_METHOD_MATCH = YES;
				"CODE_SIGN_IDENTITY[sdk=iphoneos*]" = "iPhone Developer";
				COPY_PHASE_STRIP = NO;
				GCC_C_LANGUAGE_STANDARD = gnu99;
				GCC_DYNAMIC_NO_PIC = NO;
				GCC_OPTIMIZATION_LEVEL = 0;
				GCC_PREPROCESSOR_DEFINITIONS = (
					"DEBUG=1",
					"$(inherited)",
				);
				GCC_SYMBOLS_PRIVATE_EXTERN = NO;
				GCC_WARN_64_TO_32_BIT_CONVERSION = YES;
				GCC_WARN_ABOUT_RETURN_TYPE = YES_ERROR;
				GCC_WARN_UNDECLARED_SELECTOR = YES;
				GCC_WARN_UNINITIALIZED_AUTOS = YES_AGGRESSIVE;
				GCC_WARN_UNUSED_FUNCTION = YES;
				GCC_WARN_UNUSED_VARIABLE = YES;
				IPHONEOS_DEPLOYMENT_TARGET = 7.1;
				ONLY_ACTIVE_ARCH = YES;
				SDKROOT = iphoneos;
			};
			name = Debug;
		};
		B00DB9C518ED48EF00460930 /* Release */ = {
			isa = XCBuildConfiguration;
			buildSettings = {
				ALWAYS_SEARCH_USER_PATHS = NO;
				CLANG_CXX_LANGUAGE_STANDARD = "gnu++0x";
				CLANG_CXX_LIBRARY = "libc++";
				CLANG_ENABLE_MODULES = YES;
				CLANG_ENABLE_OBJC_ARC = YES;
				CLANG_WARN_BOOL_CONVERSION = YES;
				CLANG_WARN_CONSTANT_CONVERSION = YES;
				CLANG_WARN_DIRECT_OBJC_ISA_USAGE = YES_ERROR;
				CLANG_WARN_EMPTY_BODY = YES;
				CLANG_WARN_ENUM_CONVERSION = YES;
				CLANG_WARN_INT_CONVERSION = YES;
				CLANG_WARN_OBJC_ROOT_CLASS = YES_ERROR;
				CLANG_WARN__DUPLICATE_METHOD_MATCH = YES;
				"CODE_SIGN_IDENTITY[sdk=iphoneos*]" = "iPhone Developer";
				COPY_PHASE_STRIP = YES;
				ENABLE_NS_ASSERTIONS = NO;
				GCC_C_LANGUAGE_STANDARD = gnu99;
				GCC_WARN_64_TO_32_BIT_CONVERSION = YES;
				GCC_WARN_ABOUT_RETURN_TYPE = YES_ERROR;
				GCC_WARN_UNDECLARED_SELECTOR = YES;
				GCC_WARN_UNINITIALIZED_AUTOS = YES_AGGRESSIVE;
				GCC_WARN_UNUSED_FUNCTION = YES;
				GCC_WARN_UNUSED_VARIABLE = YES;
				IPHONEOS_DEPLOYMENT_TARGET = 7.1;
				SDKROOT = iphoneos;
				VALIDATE_PRODUCT = YES;
			};
			name = Release;
		};
		B00DB9C718ED48EF00460930 /* Debug */ = {
			isa = XCBuildConfiguration;
			buildSettings = {
				ASSETCATALOG_COMPILER_APPICON_NAME = AppIcon;
				ASSETCATALOG_COMPILER_LAUNCHIMAGE_NAME = "LaunchImage-1";
				CODE_SIGN_IDENTITY = "iPhone Developer";
				"CODE_SIGN_IDENTITY[sdk=iphoneos*]" = "iPhone Developer";
				GCC_PRECOMPILE_PREFIX_HEADER = YES;
				GCC_PREFIX_HEADER = "RunnerGame/RunnerGame-Prefix.pch";
				INFOPLIST_FILE = "RunnerGame/RunnerGame-Info.plist";
				IPHONEOS_DEPLOYMENT_TARGET = 7.0;
				PRODUCT_NAME = "$(TARGET_NAME)";
				PROVISIONING_PROFILE = "";
				SPRITEKIT_TEXTURE_ATLAS_OUTPUT = YES;
				WRAPPER_EXTENSION = app;
			};
			name = Debug;
		};
		B00DB9C818ED48EF00460930 /* Release */ = {
			isa = XCBuildConfiguration;
			buildSettings = {
				ASSETCATALOG_COMPILER_APPICON_NAME = AppIcon;
				ASSETCATALOG_COMPILER_LAUNCHIMAGE_NAME = "LaunchImage-1";
				CODE_SIGN_IDENTITY = "iPhone Developer";
				"CODE_SIGN_IDENTITY[sdk=iphoneos*]" = "iPhone Developer";
				GCC_PRECOMPILE_PREFIX_HEADER = YES;
				GCC_PREFIX_HEADER = "RunnerGame/RunnerGame-Prefix.pch";
				INFOPLIST_FILE = "RunnerGame/RunnerGame-Info.plist";
				IPHONEOS_DEPLOYMENT_TARGET = 7.0;
				PRODUCT_NAME = "$(TARGET_NAME)";
				PROVISIONING_PROFILE = "";
				SPRITEKIT_TEXTURE_ATLAS_OUTPUT = YES;
				WRAPPER_EXTENSION = app;
			};
			name = Release;
		};
		B00DB9CA18ED48EF00460930 /* Debug */ = {
			isa = XCBuildConfiguration;
			buildSettings = {
				BUNDLE_LOADER = "$(BUILT_PRODUCTS_DIR)/RunnerGame.app/RunnerGame";
				FRAMEWORK_SEARCH_PATHS = (
					"$(SDKROOT)/Developer/Library/Frameworks",
					"$(inherited)",
					"$(DEVELOPER_FRAMEWORKS_DIR)",
				);
				GCC_PRECOMPILE_PREFIX_HEADER = YES;
				GCC_PREFIX_HEADER = "RunnerGame/RunnerGame-Prefix.pch";
				GCC_PREPROCESSOR_DEFINITIONS = (
					"DEBUG=1",
					"$(inherited)",
				);
				INFOPLIST_FILE = "RunnerGameTests/RunnerGameTests-Info.plist";
				PRODUCT_NAME = "$(TARGET_NAME)";
				TEST_HOST = "$(BUNDLE_LOADER)";
				WRAPPER_EXTENSION = xctest;
			};
			name = Debug;
		};
		B00DB9CB18ED48EF00460930 /* Release */ = {
			isa = XCBuildConfiguration;
			buildSettings = {
				BUNDLE_LOADER = "$(BUILT_PRODUCTS_DIR)/RunnerGame.app/RunnerGame";
				FRAMEWORK_SEARCH_PATHS = (
					"$(SDKROOT)/Developer/Library/Frameworks",
					"$(inherited)",
					"$(DEVELOPER_FRAMEWORKS_DIR)",
				);
				GCC_PRECOMPILE_PREFIX_HEADER = YES;
				GCC_PREFIX_HEADER = "RunnerGame/RunnerGame-Prefix.pch";
				INFOPLIST_FILE = "RunnerGameTests/RunnerGameTests-Info.plist";
				PRODUCT_NAME = "$(TARGET_NAME)";
				TEST_HOST = "$(BUNDLE_LOADER)";
				WRAPPER_EXTENSION = xctest;
			};
			name = Release;
		};
/* End XCBuildConfiguration section */

/* Begin XCConfigurationList section */
		B00DB98818ED48EE00460930 /* Build configuration list for PBXProject "RunnerGame" */ = {
			isa = XCConfigurationList;
			buildConfigurations = (
				B00DB9C418ED48EF00460930 /* Debug */,
				B00DB9C518ED48EF00460930 /* Release */,
			);
			defaultConfigurationIsVisible = 0;
			defaultConfigurationName = Release;
		};
		B00DB9C618ED48EF00460930 /* Build configuration list for PBXNativeTarget "RunnerGame" */ = {
			isa = XCConfigurationList;
			buildConfigurations = (
				B00DB9C718ED48EF00460930 /* Debug */,
				B00DB9C818ED48EF00460930 /* Release */,
			);
			defaultConfigurationIsVisible = 0;
			defaultConfigurationName = Release;
		};
		B00DB9C918ED48EF00460930 /* Build configuration list for PBXNativeTarget "RunnerGameTests" */ = {
			isa = XCConfigurationList;
			buildConfigurations = (
				B00DB9CA18ED48EF00460930 /* Debug */,
				B00DB9CB18ED48EF00460930 /* Release */,
			);
			defaultConfigurationIsVisible = 0;
			defaultConfigurationName = Release;
		};
/* End XCConfigurationList section */
	};
	rootObject = B00DB98518ED48EE00460930 /* Project object */;
}
