// !$*UTF8*$!
{
	archiveVersion = 1;
	classes = {
	};
	objectVersion = 46;
	objects = {

/* Begin PBXBuildFile section */
		B00DB99118ED48EF00460930 /* Foundation.framework in Frameworks */ = {isa = PBXBuildFile; fileRef = B00DB99018ED48EF00460930 /* Foundation.framework */; };
		B00DB99318ED48EF00460930 /* CoreGraphics.framework in Frameworks */ = {isa = PBXBuildFile; fileRef = B00DB99218ED48EF00460930 /* CoreGraphics.framework */; };
		B00DB99518ED48EF00460930 /* UIKit.framework in Frameworks */ = {isa = PBXBuildFile; fileRef = B00DB99418ED48EF00460930 /* UIKit.framework */; };
		B00DB99718ED48EF00460930 /* SpriteKit.framework in Frameworks */ = {isa = PBXBuildFile; fileRef = B00DB99618ED48EF00460930 /* SpriteKit.framework */; };
		B00DB99D18ED48EF00460930 /* InfoPlist.strings in Resources */ = {isa = PBXBuildFile; fileRef = B00DB99B18ED48EF00460930 /* InfoPlist.strings */; };
		B00DB99F18ED48EF00460930 /* main.m in Sources */ = {isa = PBXBuildFile; fileRef = B00DB99E18ED48EF00460930 /* main.m */; };
		B00DB9A318ED48EF00460930 /* AppDelegate.m in Sources */ = {isa = PBXBuildFile; fileRef = B00DB9A218ED48EF00460930 /* AppDelegate.m */; };
		B00DB9A618ED48EF00460930 /* Main.storyboard in Resources */ = {isa = PBXBuildFile; fileRef = B00DB9A418ED48EF00460930 /* Main.storyboard */; };
		B00DB9A918ED48EF00460930 /* MainScreenController.m in Sources */ = {isa = PBXBuildFile; fileRef = B00DB9A818ED48EF00460930 /* MainScreenController.m */; };
		B00DB9AC18ED48EF00460930 /* GameScene.m in Sources */ = {isa = PBXBuildFile; fileRef = B00DB9AB18ED48EF00460930 /* GameScene.m */; };
		B00DB9B018ED48EF00460930 /* Images.xcassets in Resources */ = {isa = PBXBuildFile; fileRef = B00DB9AF18ED48EF00460930 /* Images.xcassets */; };
		B00DB9B718ED48EF00460930 /* XCTest.framework in Frameworks */ = {isa = PBXBuildFile; fileRef = B00DB9B618ED48EF00460930 /* XCTest.framework */; };
		B00DB9B818ED48EF00460930 /* Foundation.framework in Frameworks */ = {isa = PBXBuildFile; fileRef = B00DB99018ED48EF00460930 /* Foundation.framework */; };
		B00DB9B918ED48EF00460930 /* UIKit.framework in Frameworks */ = {isa = PBXBuildFile; fileRef = B00DB99418ED48EF00460930 /* UIKit.framework */; };
		B00DB9C118ED48EF00460930 /* InfoPlist.strings in Resources */ = {isa = PBXBuildFile; fileRef = B00DB9BF18ED48EF00460930 /* InfoPlist.strings */; };
		B00DB9C318ED48EF00460930 /* RunnerGameTests.m in Sources */ = {isa = PBXBuildFile; fileRef = B00DB9C218ED48EF00460930 /* RunnerGameTests.m */; };
		B01ED85618ED4FAB0062AB4A /* Runner.m in Sources */ = {isa = PBXBuildFile; fileRef = B01ED85518ED4FAB0062AB4A /* Runner.m */; };
		B01ED85918ED4FD50062AB4A /* Barrier.m in Sources */ = {isa = PBXBuildFile; fileRef = B01ED85818ED4FD50062AB4A /* Barrier.m */; };
		B01ED85C18ED4FE70062AB4A /* Ground.m in Sources */ = {isa = PBXBuildFile; fileRef = B01ED85B18ED4FE70062AB4A /* Ground.m */; };
		B01ED85F18ED4FF90062AB4A /* GameObject.m in Sources */ = {isa = PBXBuildFile; fileRef = B01ED85E18ED4FF90062AB4A /* GameObject.m */; };
		B01ED86718ED57370062AB4A /* ContactManager.m in Sources */ = {isa = PBXBuildFile; fileRef = B01ED86618ED57370062AB4A /* ContactManager.m */; };
		B01ED86B18ED5F4D0062AB4A /* runner@2x.png in Resources */ = {isa = PBXBuildFile; fileRef = B01ED86A18ED5F4D0062AB4A /* runner@2x.png */; };
		B01ED87618EDB7480062AB4A /* SliderEffect.sks in Resources */ = {isa = PBXBuildFile; fileRef = B01ED87418EDB7480062AB4A /* SliderEffect.sks */; };
		B01ED87718EDB7480062AB4A /* spark.png in Resources */ = {isa = PBXBuildFile; fileRef = B01ED87518EDB7480062AB4A /* spark.png */; };
		B01ED87A18EEAEDC0062AB4A /* ParallaxBG.m in Sources */ = {isa = PBXBuildFile; fileRef = B01ED87918EEAEDC0062AB4A /* ParallaxBG.m */; };
		B01ED87C18EEB1030062AB4A /* square.png in Resources */ = {isa = PBXBuildFile; fileRef = B01ED87B18EEB1030062AB4A /* square.png */; };
		B01ED88018EEB6D40062AB4A /* CommonTools.m in Sources */ = {isa = PBXBuildFile; fileRef = B01ED87F18EEB6D40062AB4A /* CommonTools.m */; };
		B01ED88918EEDDE70062AB4A /* BoomEffect.sks in Resources */ = {isa = PBXBuildFile; fileRef = B01ED88818EEDDE70062AB4A /* BoomEffect.sks */; };
		B06802A518F7164E00DAE740 /* GameSceneController.m in Sources */ = {isa = PBXBuildFile; fileRef = B06802A418F7164E00DAE740 /* GameSceneController.m */; };
		B06802A818F7184200DAE740 /* HighScoresController.m in Sources */ = {isa = PBXBuildFile; fileRef = B06802A718F7184200DAE740 /* HighScoresController.m */; };
		B06802AD18F71C7000DAE740 /* HighScoreCell.m in Sources */ = {isa = PBXBuildFile; fileRef = B06802AB18F71C7000DAE740 /* HighScoreCell.m */; };
		B06802AE18F71C7000DAE740 /* HighScoreCell.xib in Resources */ = {isa = PBXBuildFile; fileRef = B06802AC18F71C7000DAE740 /* HighScoreCell.xib */; };
		B084644518F8AB2E00892252 /* RJ_MusicLoop_A_v02-85195.mp3 in Resources */ = {isa = PBXBuildFile; fileRef = B084644418F8AB2E00892252 /* RJ_MusicLoop_A_v02-85195.mp3 */; };
		B0FF194518F1DB8900560E5E /* HighScoreManager.m in Sources */ = {isa = PBXBuildFile; fileRef = B0FF194418F1DB8900560E5E /* HighScoreManager.m */; };
		B0FF194918F1DBAB00560E5E /* HighScoreHelper.m in Sources */ = {isa = PBXBuildFile; fileRef = B0FF194818F1DBAB00560E5E /* HighScoreHelper.m */; };
		B0FF194D18F1DBD000560E5E /* HighScores.m in Sources */ = {isa = PBXBuildFile; fileRef = B0FF194C18F1DBD000560E5E /* HighScores.m */; };
		B0FF195018F1DBDA00560E5E /* DBAccessLayer.m in Sources */ = {isa = PBXBuildFile; fileRef = B0FF194F18F1DBDA00560E5E /* DBAccessLayer.m */; };
		B0FF195218F1DBF700560E5E /* RunnerDataModel.xcdatamodel in Sources */ = {isa = PBXBuildFile; fileRef = B0FF195118F1DBF700560E5E /* RunnerDataModel.xcdatamodel */; };
		B0FF196C18F5222700560E5E /* RJ_MusicLoop_A_v01-41328.mp3 in Resources */ = {isa = PBXBuildFile; fileRef = B0FF196B18F5222700560E5E /* RJ_MusicLoop_A_v01-41328.mp3 */; };
		B0FF196F18F5242200560E5E /* Blop_A_01.wav in Resources */ = {isa = PBXBuildFile; fileRef = B0FF196D18F5242200560E5E /* Blop_A_01.wav */; };
		B0FF197018F5242200560E5E /* Blop_B_01.wav in Resources */ = {isa = PBXBuildFile; fileRef = B0FF196E18F5242200560E5E /* Blop_B_01.wav */; };
		B0FF197218F524EA00560E5E /* Blop_D_01.wav in Resources */ = {isa = PBXBuildFile; fileRef = B0FF197118F524EA00560E5E /* Blop_D_01.wav */; };
/* End PBXBuildFile section */

/* Begin PBXContainerItemProxy section */
		B00DB9BA18ED48EF00460930 /* PBXContainerItemProxy */ = {
			isa = PBXContainerItemProxy;
			containerPortal = B00DB98518ED48EE00460930 /* Project object */;
			proxyType = 1;
			remoteGlobalIDString = B00DB98C18ED48EE00460930;
			remoteInfo = RunnerGame;
		};
/* End PBXContainerItemProxy section */

/* Begin PBXFileReference section */
		B00DB98D18ED48EF00460930 /* RunnerGame.app */ = {isa = PBXFileReference; explicitFileType = wrapper.application; includeInIndex = 0; path = RunnerGame.app; sourceTree = BUILT_PRODUCTS_DIR; };
		B00DB99018ED48EF00460930 /* Foundation.framework */ = {isa = PBXFileReference; lastKnownFileType = wrapper.framework; name = Foundation.framework; path = System/Library/Frameworks/Foundation.framework; sourceTree = SDKROOT; };
		B00DB99218ED48EF00460930 /* CoreGraphics.framework */ = {isa = PBXFileReference; lastKnownFileType = wrapper.framework; name = CoreGraphics.framework; path = System/Library/Frameworks/CoreGraphics.framework; sourceTree = SDKROOT; };
		B00DB99418ED48EF00460930 /* UIKit.framework */ = {isa = PBXFileReference; lastKnownFileType = wrapper.framework; name = UIKit.framework; path = System/Library/Frameworks/UIKit.framework; sourceTree = SDKROOT; };
		B00DB99618ED48EF00460930 /* SpriteKit.framework */ = {isa = PBXFileReference; lastKnownFileType = wrapper.framework; name = SpriteKit.framework; path = System/Library/Frameworks/SpriteKit.framework; sourceTree = SDKROOT; };
		B00DB99A18ED48EF00460930 /* RunnerGame-Info.plist */ = {isa = PBXFileReference; lastKnownFileType = text.plist.xml; path = "RunnerGame-Info.plist"; sourceTree = "<group>"; };
		B00DB99C18ED48EF00460930 /* en */ = {isa = PBXFileReference; lastKnownFileType = text.plist.strings; name = en; path = en.lproj/InfoPlist.strings; sourceTree = "<group>"; };
		B00DB99E18ED48EF00460930 /* main.m */ = {isa = PBXFileReference; lastKnownFileType = sourcecode.c.objc; path = main.m; sourceTree = "<group>"; };
		B00DB9A018ED48EF00460930 /* RunnerGame-Prefix.pch */ = {isa = PBXFileReference; lastKnownFileType = sourcecode.c.h; path = "RunnerGame-Prefix.pch"; sourceTree = "<group>"; };
		B00DB9A118ED48EF00460930 /* AppDelegate.h */ = {isa = PBXFileReference; lastKnownFileType = sourcecode.c.h; path = AppDelegate.h; sourceTree = "<group>"; };
		B00DB9A218ED48EF00460930 /* AppDelegate.m */ = {isa = PBXFileReference; lastKnownFileType = sourcecode.c.objc; path = AppDelegate.m; sourceTree = "<group>"; };
		B00DB9A518ED48EF00460930 /* Base */ = {isa = PBXFileReference; lastKnownFileType = file.storyboard; name = Base; path = Base.lproj/Main.storyboard; sourceTree = "<group>"; };
		B00DB9A718ED48EF00460930 /* MainScreenController.h */ = {isa = PBXFileReference; lastKnownFileType = sourcecode.c.h; path = MainScreenController.h; sourceTree = "<group>"; };
		B00DB9A818ED48EF00460930 /* MainScreenController.m */ = {isa = PBXFileReference; lastKnownFileType = sourcecode.c.objc; path = MainScreenController.m; sourceTree = "<group>"; };
		B00DB9AA18ED48EF00460930 /* GameScene.h */ = {isa = PBXFileReference; lastKnownFileType = sourcecode.c.h; path = GameScene.h; sourceTree = "<group>"; };
		B00DB9AB18ED48EF00460930 /* GameScene.m */ = {isa = PBXFileReference; lastKnownFileType = sourcecode.c.objc; path = GameScene.m; sourceTree = "<group>"; };
		B00DB9AF18ED48EF00460930 /* Images.xcassets */ = {isa = PBXFileReference; lastKnownFileType = folder.assetcatalog; path = Images.xcassets; sourceTree = "<group>"; };
		B00DB9B518ED48EF00460930 /* RunnerGameTests.xctest */ = {isa = PBXFileReference; explicitFileType = wrapper.cfbundle; includeInIndex = 0; path = RunnerGameTests.xctest; sourceTree = BUILT_PRODUCTS_DIR; };
		B00DB9B618ED48EF00460930 /* XCTest.framework */ = {isa = PBXFileReference; lastKnownFileType = wrapper.framework; name = XCTest.framework; path = Library/Frameworks/XCTest.framework; sourceTree = DEVELOPER_DIR; };
		B00DB9BE18ED48EF00460930 /* RunnerGameTests-Info.plist */ = {isa = PBXFileReference; lastKnownFileType = text.plist.xml; path = "RunnerGameTests-Info.plist"; sourceTree = "<group>"; };
		B00DB9C018ED48EF00460930 /* en */ = {isa = PBXFileReference; lastKnownFileType = text.plist.strings; name = en; path = en.lproj/InfoPlist.strings; sourceTree = "<group>"; };
		B00DB9C218ED48EF00460930 /* RunnerGameTests.m */ = {isa = PBXFileReference; lastKnownFileType = sourcecode.c.objc; path = RunnerGameTests.m; sourceTree = "<group>"; };
		B01ED85418ED4FAB0062AB4A /* Runner.h */ = {isa = PBXFileReference; fileEncoding = 4; lastKnownFileType = sourcecode.c.h; path = Runner.h; sourceTree = "<group>"; };
		B01ED85518ED4FAB0062AB4A /* Runner.m */ = {isa = PBXFileReference; fileEncoding = 4; lastKnownFileType = sourcecode.c.objc; path = Runner.m; sourceTree = "<group>"; };
		B01ED85718ED4FD50062AB4A /* Barrier.h */ = {isa = PBXFileReference; fileEncoding = 4; lastKnownFileType = sourcecode.c.h; path = Barrier.h; sourceTree = "<group>"; };
		B01ED85818ED4FD50062AB4A /* Barrier.m */ = {isa = PBXFileReference; fileEncoding = 4; lastKnownFileType = sourcecode.c.objc; path = Barrier.m; sourceTree = "<group>"; };
		B01ED85A18ED4FE70062AB4A /* Ground.h */ = {isa = PBXFileReference; fileEncoding = 4; lastKnownFileType = sourcecode.c.h; path = Ground.h; sourceTree = "<group>"; };
		B01ED85B18ED4FE70062AB4A /* Ground.m */ = {isa = PBXFileReference; fileEncoding = 4; lastKnownFileType = sourcecode.c.objc; path = Ground.m; sourceTree = "<group>"; };
		B01ED85D18ED4FF90062AB4A /* GameObject.h */ = {isa = PBXFileReference; fileEncoding = 4; lastKnownFileType = sourcecode.c.h; path = GameObject.h; sourceTree = "<group>"; };
		B01ED85E18ED4FF90062AB4A /* GameObject.m */ = {isa = PBXFileReference; fileEncoding = 4; lastKnownFileType = sourcecode.c.objc; path = GameObject.m; sourceTree = "<group>"; };
		B01ED86118ED50350062AB4A /* Constants.h */ = {isa = PBXFileReference; fileEncoding = 4; lastKnownFileType = sourcecode.c.h; path = Constants.h; sourceTree = "<group>"; };
		B01ED86518ED57370062AB4A /* ContactManager.h */ = {isa = PBXFileReference; fileEncoding = 4; lastKnownFileType = sourcecode.c.h; path = ContactManager.h; sourceTree = "<group>"; };
		B01ED86618ED57370062AB4A /* ContactManager.m */ = {isa = PBXFileReference; fileEncoding = 4; lastKnownFileType = sourcecode.c.objc; path = ContactManager.m; sourceTree = "<group>"; };
		B01ED86918ED578A0062AB4A /* ContactManagerDelegate.h */ = {isa = PBXFileReference; lastKnownFileType = sourcecode.c.h; path = ContactManagerDelegate.h; sourceTree = "<group>"; };
		B01ED86A18ED5F4D0062AB4A /* runner@2x.png */ = {isa = PBXFileReference; lastKnownFileType = image.png; path = "runner@2x.png"; sourceTree = "<group>"; };
		B01ED87418EDB7480062AB4A /* SliderEffect.sks */ = {isa = PBXFileReference; lastKnownFileType = file.sks; path = SliderEffect.sks; sourceTree = "<group>"; };
		B01ED87518EDB7480062AB4A /* spark.png */ = {isa = PBXFileReference; lastKnownFileType = image.png; path = spark.png; sourceTree = "<group>"; };
		B01ED87818EEAEDC0062AB4A /* ParallaxBG.h */ = {isa = PBXFileReference; fileEncoding = 4; lastKnownFileType = sourcecode.c.h; path = ParallaxBG.h; sourceTree = "<group>"; };
		B01ED87918EEAEDC0062AB4A /* ParallaxBG.m */ = {isa = PBXFileReference; fileEncoding = 4; lastKnownFileType = sourcecode.c.objc; path = ParallaxBG.m; sourceTree = "<group>"; };
		B01ED87B18EEB1030062AB4A /* square.png */ = {isa = PBXFileReference; lastKnownFileType = image.png; path = square.png; sourceTree = "<group>"; };
		B01ED87E18EEB6D40062AB4A /* CommonTools.h */ = {isa = PBXFileReference; fileEncoding = 4; lastKnownFileType = sourcecode.c.h; path = CommonTools.h; sourceTree = "<group>"; };
		B01ED87F18EEB6D40062AB4A /* CommonTools.m */ = {isa = PBXFileReference; fileEncoding = 4; lastKnownFileType = sourcecode.c.objc; path = CommonTools.m; sourceTree = "<group>"; };
		B01ED88818EEDDE70062AB4A /* BoomEffect.sks */ = {isa = PBXFileReference; lastKnownFileType = file.sks; path = BoomEffect.sks; sourceTree = "<group>"; };
		B06802A318F7164E00DAE740 /* GameSceneController.h */ = {isa = PBXFileReference; fileEncoding = 4; lastKnownFileType = sourcecode.c.h; path = GameSceneController.h; sourceTree = "<group>"; };
		B06802A418F7164E00DAE740 /* GameSceneController.m */ = {isa = PBXFileReference; fileEncoding = 4; lastKnownFileType = sourcecode.c.objc; path = GameSceneController.m; sourceTree = "<group>"; };
		B06802A618F7184200DAE740 /* HighScoresController.h */ = {isa = PBXFileReference; fileEncoding = 4; lastKnownFileType = sourcecode.c.h; path = HighScoresController.h; sourceTree = "<group>"; };
		B06802A718F7184200DAE740 /* HighScoresController.m */ = {isa = PBXFileReference; fileEncoding = 4; lastKnownFileType = sourcecode.c.objc; path = HighScoresController.m; sourceTree = "<group>"; };
		B06802AA18F71C7000DAE740 /* HighScoreCell.h */ = {isa = PBXFileReference; fileEncoding = 4; lastKnownFileType = sourcecode.c.h; path = HighScoreCell.h; sourceTree = "<group>"; };
		B06802AB18F71C7000DAE740 /* HighScoreCell.m */ = {isa = PBXFileReference; fileEncoding = 4; lastKnownFileType = sourcecode.c.objc; path = HighScoreCell.m; sourceTree = "<group>"; };
		B06802AC18F71C7000DAE740 /* HighScoreCell.xib */ = {isa = PBXFileReference; fileEncoding = 4; lastKnownFileType = file.xib; path = HighScoreCell.xib; sourceTree = "<group>"; };
		B06802AF18F7211800DAE740 /* GameSceneHandlerDelegate.h */ = {isa = PBXFileReference; lastKnownFileType = sourcecode.c.h; path = GameSceneHandlerDelegate.h; sourceTree = "<group>"; };
		B084644418F8AB2E00892252 /* RJ_MusicLoop_A_v02-85195.mp3 */ = {isa = PBXFileReference; lastKnownFileType = audio.mp3; path = "RJ_MusicLoop_A_v02-85195.mp3"; sourceTree = "<group>"; };
		B0FF194318F1DB8900560E5E /* HighScoreManager.h */ = {isa = PBXFileReference; fileEncoding = 4; lastKnownFileType = sourcecode.c.h; path = HighScoreManager.h; sourceTree = "<group>"; };
		B0FF194418F1DB8900560E5E /* HighScoreManager.m */ = {isa = PBXFileReference; fileEncoding = 4; lastKnownFileType = sourcecode.c.objc; path = HighScoreManager.m; sourceTree = "<group>"; };
		B0FF194718F1DBAB00560E5E /* HighScoreHelper.h */ = {isa = PBXFileReference; fileEncoding = 4; lastKnownFileType = sourcecode.c.h; path = HighScoreHelper.h; sourceTree = "<group>"; };
		B0FF194818F1DBAB00560E5E /* HighScoreHelper.m */ = {isa = PBXFileReference; fileEncoding = 4; lastKnownFileType = sourcecode.c.objc; path = HighScoreHelper.m; sourceTree = "<group>"; };
		B0FF194B18F1DBD000560E5E /* HighScores.h */ = {isa = PBXFileReference; fileEncoding = 4; lastKnownFileType = sourcecode.c.h; path = HighScores.h; sourceTree = "<group>"; };
		B0FF194C18F1DBD000560E5E /* HighScores.m */ = {isa = PBXFileReference; fileEncoding = 4; lastKnownFileType = sourcecode.c.objc; path = HighScores.m; sourceTree = "<group>"; };
		B0FF194E18F1DBDA00560E5E /* DBAccessLayer.h */ = {isa = PBXFileReference; fileEncoding = 4; lastKnownFileType = sourcecode.c.h; path = DBAccessLayer.h; sourceTree = "<group>"; };
		B0FF194F18F1DBDA00560E5E /* DBAccessLayer.m */ = {isa = PBXFileReference; fileEncoding = 4; lastKnownFileType = sourcecode.c.objc; path = DBAccessLayer.m; sourceTree = "<group>"; };
		B0FF195118F1DBF700560E5E /* RunnerDataModel.xcdatamodel */ = {isa = PBXFileReference; lastKnownFileType = wrapper.xcdatamodel; path = RunnerDataModel.xcdatamodel; sourceTree = "<group>"; };
		B0FF196B18F5222700560E5E /* RJ_MusicLoop_A_v01-41328.mp3 */ = {isa = PBXFileReference; lastKnownFileType = audio.mp3; path = "RJ_MusicLoop_A_v01-41328.mp3"; sourceTree = "<group>"; };
		B0FF196D18F5242200560E5E /* Blop_A_01.wav */ = {isa = PBXFileReference; lastKnownFileType = audio.wav; path = Blop_A_01.wav; sourceTree = "<group>"; };
		B0FF196E18F5242200560E5E /* Blop_B_01.wav */ = {isa = PBXFileReference; lastKnownFileType = audio.wav; path = Blop_B_01.wav; sourceTree = "<group>"; };
		B0FF197118F524EA00560E5E /* Blop_D_01.wav */ = {isa = PBXFileReference; lastKnownFileType = audio.wav; path = Blop_D_01.wav; sourceTree = "<group>"; };
/* End PBXFileReference section */

/* Begin PBXFrameworksBuildPhase section */
		B00DB98A18ED48EE00460930 /* Frameworks */ = {
			isa = PBXFrameworksBuildPhase;
			buildActionMask = 2147483647;
			files = (
				B00DB99318ED48EF00460930 /* CoreGraphics.framework in Frameworks */,
				B00DB99518ED48EF00460930 /* UIKit.framework in Frameworks */,
				B00DB99718ED48EF00460930 /* SpriteKit.framework in Frameworks */,
				B00DB99118ED48EF00460930 /* Foundation.framework in Frameworks */,
			);
			runOnlyForDeploymentPostprocessing = 0;
		};
		B00DB9B218ED48EF00460930 /* Frameworks */ = {
			isa = PBXFrameworksBuildPhase;
			buildActionMask = 2147483647;
			files = (
				B00DB9B718ED48EF00460930 /* XCTest.framework in Frameworks */,
				B00DB9B918ED48EF00460930 /* UIKit.framework in Frameworks */,
				B00DB9B818ED48EF00460930 /* Foundation.framework in Frameworks */,
			);
			runOnlyForDeploymentPostprocessing = 0;
		};
/* End PBXFrameworksBuildPhase section */

/* Begin PBXGroup section */
		B00DB98418ED48EE00460930 = {
			isa = PBXGroup;
			children = (
				B00DB99818ED48EF00460930 /* RunnerGame */,
				B00DB9BC18ED48EF00460930 /* RunnerGameTests */,
				B00DB98F18ED48EF00460930 /* Frameworks */,
				B00DB98E18ED48EF00460930 /* Products */,
			);
			sourceTree = "<group>";
		};
		B00DB98E18ED48EF00460930 /* Products */ = {
			isa = PBXGroup;
			children = (
				B00DB98D18ED48EF00460930 /* RunnerGame.app */,
				B00DB9B518ED48EF00460930 /* RunnerGameTests.xctest */,
			);
			name = Products;
			sourceTree = "<group>";
		};
		B00DB98F18ED48EF00460930 /* Frameworks */ = {
			isa = PBXGroup;
			children = (
				B00DB99018ED48EF00460930 /* Foundation.framework */,
				B00DB99218ED48EF00460930 /* CoreGraphics.framework */,
				B00DB99418ED48EF00460930 /* UIKit.framework */,
				B00DB99618ED48EF00460930 /* SpriteKit.framework */,
				B00DB9B618ED48EF00460930 /* XCTest.framework */,
			);
			name = Frameworks;
			sourceTree = "<group>";
		};
		B00DB99818ED48EF00460930 /* RunnerGame */ = {
			isa = PBXGroup;
			children = (
				B06802A918F71C5500DAE740 /* CustomControls */,
				B0FF194118F1DB5200560E5E /* DBAccessLayer */,
				B01ED87D18EEB6A80062AB4A /* Helpers */,
				B01ED86818ED57600062AB4A /* Protocols */,
				B01ED86418ED57240062AB4A /* ContactManagement */,
				B01ED86018ED50250062AB4A /* Resources */,
				B01ED85318ED4F960062AB4A /* GameObjects */,
				B01ED85218ED4DFC0062AB4A /* Scenes */,
				B01ED85118ED4DEE0062AB4A /* ViewControllers */,
				B00DB9A118ED48EF00460930 /* AppDelegate.h */,
				B00DB9A218ED48EF00460930 /* AppDelegate.m */,
				B00DB9A418ED48EF00460930 /* Main.storyboard */,
				B00DB9AF18ED48EF00460930 /* Images.xcassets */,
				B00DB99918ED48EF00460930 /* Supporting Files */,
			);
			path = RunnerGame;
			sourceTree = "<group>";
		};
		B00DB99918ED48EF00460930 /* Supporting Files */ = {
			isa = PBXGroup;
			children = (
				B00DB99A18ED48EF00460930 /* RunnerGame-Info.plist */,
				B00DB99B18ED48EF00460930 /* InfoPlist.strings */,
				B00DB99E18ED48EF00460930 /* main.m */,
				B00DB9A018ED48EF00460930 /* RunnerGame-Prefix.pch */,
			);
			name = "Supporting Files";
			sourceTree = "<group>";
		};
		B00DB9BC18ED48EF00460930 /* RunnerGameTests */ = {
			isa = PBXGroup;
			children = (
				B00DB9C218ED48EF00460930 /* RunnerGameTests.m */,
				B00DB9BD18ED48EF00460930 /* Supporting Files */,
			);
			path = RunnerGameTests;
			sourceTree = "<group>";
		};
		B00DB9BD18ED48EF00460930 /* Supporting Files */ = {
			isa = PBXGroup;
			children = (
				B00DB9BE18ED48EF00460930 /* RunnerGameTests-Info.plist */,
				B00DB9BF18ED48EF00460930 /* InfoPlist.strings */,
			);
			name = "Supporting Files";
			sourceTree = "<group>";
		};
		B01ED85118ED4DEE0062AB4A /* ViewControllers */ = {
			isa = PBXGroup;
			children = (
				B00DB9A718ED48EF00460930 /* MainScreenController.h */,
				B00DB9A818ED48EF00460930 /* MainScreenController.m */,
				B06802A318F7164E00DAE740 /* GameSceneController.h */,
				B06802A418F7164E00DAE740 /* GameSceneController.m */,
				B06802A618F7184200DAE740 /* HighScoresController.h */,
				B06802A718F7184200DAE740 /* HighScoresController.m */,
			);
			name = ViewControllers;
			sourceTree = "<group>";
		};
		B01ED85218ED4DFC0062AB4A /* Scenes */ = {
			isa = PBXGroup;
			children = (
				B00DB9AA18ED48EF00460930 /* GameScene.h */,
				B00DB9AB18ED48EF00460930 /* GameScene.m */,
			);
			name = Scenes;
			sourceTree = "<group>";
		};
		B01ED85318ED4F960062AB4A /* GameObjects */ = {
			isa = PBXGroup;
			children = (
				B01ED87818EEAEDC0062AB4A /* ParallaxBG.h */,
				B01ED87918EEAEDC0062AB4A /* ParallaxBG.m */,
				B01ED85418ED4FAB0062AB4A /* Runner.h */,
				B01ED85518ED4FAB0062AB4A /* Runner.m */,
				B01ED85718ED4FD50062AB4A /* Barrier.h */,
				B01ED85818ED4FD50062AB4A /* Barrier.m */,
				B01ED85A18ED4FE70062AB4A /* Ground.h */,
				B01ED85B18ED4FE70062AB4A /* Ground.m */,
				B01ED85D18ED4FF90062AB4A /* GameObject.h */,
				B01ED85E18ED4FF90062AB4A /* GameObject.m */,
			);
			name = GameObjects;
			sourceTree = "<group>";
		};
		B01ED86018ED50250062AB4A /* Resources */ = {
			isa = PBXGroup;
			children = (
				B084644418F8AB2E00892252 /* RJ_MusicLoop_A_v02-85195.mp3 */,
				B0FF197118F524EA00560E5E /* Blop_D_01.wav */,
				B0FF196D18F5242200560E5E /* Blop_A_01.wav */,
				B0FF196E18F5242200560E5E /* Blop_B_01.wav */,
				B0FF196B18F5222700560E5E /* RJ_MusicLoop_A_v01-41328.mp3 */,
				B01ED87B18EEB1030062AB4A /* square.png */,
				B01ED86A18ED5F4D0062AB4A /* runner@2x.png */,
				B01ED86118ED50350062AB4A /* Constants.h */,
				B01ED87418EDB7480062AB4A /* SliderEffect.sks */,
				B01ED87518EDB7480062AB4A /* spark.png */,
				B01ED88818EEDDE70062AB4A /* BoomEffect.sks */,
			);
			name = Resources;
			sourceTree = "<group>";
		};
		B01ED86418ED57240062AB4A /* ContactManagement */ = {
			isa = PBXGroup;
			children = (
				B01ED86518ED57370062AB4A /* ContactManager.h */,
				B01ED86618ED57370062AB4A /* ContactManager.m */,
			);
			name = ContactManagement;
			sourceTree = "<group>";
		};
		B01ED86818ED57600062AB4A /* Protocols */ = {
			isa = PBXGroup;
			children = (
				B01ED86918ED578A0062AB4A /* ContactManagerDelegate.h */,
				B06802AF18F7211800DAE740 /* GameSceneHandlerDelegate.h */,
			);
			name = Protocols;
			sourceTree = "<group>";
		};
		B01ED87D18EEB6A80062AB4A /* Helpers */ = {
			isa = PBXGroup;
			children = (
				B01ED87E18EEB6D40062AB4A /* CommonTools.h */,
				B01ED87F18EEB6D40062AB4A /* CommonTools.m */,
			);
			name = Helpers;
			sourceTree = "<group>";
		};
		B06802A918F71C5500DAE740 /* CustomControls */ = {
			isa = PBXGroup;
			children = (
				B06802AA18F71C7000DAE740 /* HighScoreCell.h */,
				B06802AB18F71C7000DAE740 /* HighScoreCell.m */,
				B06802AC18F71C7000DAE740 /* HighScoreCell.xib */,
			);
			name = CustomControls;
			sourceTree = "<group>";
		};
		B0FF194118F1DB5200560E5E /* DBAccessLayer */ = {
			isa = PBXGroup;
			children = (
				B0FF195118F1DBF700560E5E /* RunnerDataModel.xcdatamodel */,
				B0FF194E18F1DBDA00560E5E /* DBAccessLayer.h */,
				B0FF194F18F1DBDA00560E5E /* DBAccessLayer.m */,
				B0FF194A18F1DBBF00560E5E /* Entities */,
				B0FF194618F1DB9900560E5E /* EntityHelpers */,
				B0FF194218F1DB6B00560E5E /* Managers */,
			);
			name = DBAccessLayer;
			sourceTree = "<group>";
		};
		B0FF194218F1DB6B00560E5E /* Managers */ = {
			isa = PBXGroup;
			children = (
				B0FF194318F1DB8900560E5E /* HighScoreManager.h */,
				B0FF194418F1DB8900560E5E /* HighScoreManager.m */,
			);
			name = Managers;
			sourceTree = "<group>";
		};
		B0FF194618F1DB9900560E5E /* EntityHelpers */ = {
			isa = PBXGroup;
			children = (
				B0FF194718F1DBAB00560E5E /* HighScoreHelper.h */,
				B0FF194818F1DBAB00560E5E /* HighScoreHelper.m */,
			);
			name = EntityHelpers;
			sourceTree = "<group>";
		};
		B0FF194A18F1DBBF00560E5E /* Entities */ = {
			isa = PBXGroup;
			children = (
				B0FF194B18F1DBD000560E5E /* HighScores.h */,
				B0FF194C18F1DBD000560E5E /* HighScores.m */,
			);
			name = Entities;
			sourceTree = "<group>";
		};
/* End PBXGroup section */

/* Begin PBXNativeTarget section */
		B00DB98C18ED48EE00460930 /* RunnerGame */ = {
			isa = PBXNativeTarget;
			buildConfigurationList = B00DB9C618ED48EF00460930 /* Build configuration list for PBXNativeTarget "RunnerGame" */;
			buildPhases = (
				B00DB98918ED48EE00460930 /* Sources */,
				B00DB98A18ED48EE00460930 /* Frameworks */,
				B00DB98B18ED48EE00460930 /* Resources */,
			);
			buildRules = (
			);
			dependencies = (
			);
			name = RunnerGame;
			productName = RunnerGame;
			productReference = B00DB98D18ED48EF00460930 /* RunnerGame.app */;
			productType = "com.apple.product-type.application";
		};
		B00DB9B418ED48EF00460930 /* RunnerGameTests */ = {
			isa = PBXNativeTarget;
			buildConfigurationList = B00DB9C918ED48EF00460930 /* Build configuration list for PBXNativeTarget "RunnerGameTests" */;
			buildPhases = (
				B00DB9B118ED48EF00460930 /* Sources */,
				B00DB9B218ED48EF00460930 /* Frameworks */,
				B00DB9B318ED48EF00460930 /* Resources */,
			);
			buildRules = (
			);
			dependencies = (
				B00DB9BB18ED48EF00460930 /* PBXTargetDependency */,
			);
			name = RunnerGameTests;
			productName = RunnerGameTests;
			productReference = B00DB9B518ED48EF00460930 /* RunnerGameTests.xctest */;
			productType = "com.apple.product-type.bundle.unit-test";
		};
/* End PBXNativeTarget section */

/* Begin PBXProject section */
		B00DB98518ED48EE00460930 /* Project object */ = {
			isa = PBXProject;
			attributes = {
				LastUpgradeCheck = 0510;
				ORGANIZATIONNAME = Weloux;
				TargetAttributes = {
					B00DB98C18ED48EE00460930 = {
						DevelopmentTeam = Y262LAFNWV;
					};
					B00DB9B418ED48EF00460930 = {
						TestTargetID = B00DB98C18ED48EE00460930;
					};
				};
			};
			buildConfigurationList = B00DB98818ED48EE00460930 /* Build configuration list for PBXProject "RunnerGame" */;
			compatibilityVersion = "Xcode 3.2";
			developmentRegion = English;
			hasScannedForEncodings = 0;
			knownRegions = (
				en,
				Base,
			);
			mainGroup = B00DB98418ED48EE00460930;
			productRefGroup = B00DB98E18ED48EF00460930 /* Products */;
			projectDirPath = "";
			projectRoot = "";
			targets = (
				B00DB98C18ED48EE00460930 /* RunnerGame */,
				B00DB9B418ED48EF00460930 /* RunnerGameTests */,
			);
		};
/* End PBXProject section */

/* Begin PBXResourcesBuildPhase section */
		B00DB98B18ED48EE00460930 /* Resources */ = {
			isa = PBXResourcesBuildPhase;
			buildActionMask = 2147483647;
			files = (
				B00DB99D18ED48EF00460930 /* InfoPlist.strings in Resources */,
				B01ED87718EDB7480062AB4A /* spark.png in Resources */,
				B06802AE18F71C7000DAE740 /* HighScoreCell.xib in Resources */,
				B0FF196F18F5242200560E5E /* Blop_A_01.wav in Resources */,
				B0FF197018F5242200560E5E /* Blop_B_01.wav in Resources */,
				B00DB9B018ED48EF00460930 /* Images.xcassets in Resources */,
				B01ED87C18EEB1030062AB4A /* square.png in Resources */,
				B01ED86B18ED5F4D0062AB4A /* runner@2x.png in Resources */,
				B0FF196C18F5222700560E5E /* RJ_MusicLoop_A_v01-41328.mp3 in Resources */,
				B01ED87618EDB7480062AB4A /* SliderEffect.sks in Resources */,
				B0FF197218F524EA00560E5E /* Blop_D_01.wav in Resources */,
				B00DB9A618ED48EF00460930 /* Main.storyboard in Resources */,
				B084644518F8AB2E00892252 /* RJ_MusicLoop_A_v02-85195.mp3 in Resources */,
				B01ED88918EEDDE70062AB4A /* BoomEffect.sks in Resources */,
			);
			runOnlyForDeploymentPostprocessing = 0;
		};
		B00DB9B318ED48EF00460930 /* Resources */ = {
			isa = PBXResourcesBuildPhase;
			buildActionMask = 2147483647;
			files = (
				B00DB9C118ED48EF00460930 /* InfoPlist.strings in Resources */,
			);
			runOnlyForDeploymentPostprocessing = 0;
		};
/* End PBXResourcesBuildPhase section */

/* Begin PBXSourcesBuildPhase section */
		B00DB98918ED48EE00460930 /* Sources */ = {
			isa = PBXSourcesBuildPhase;
			buildActionMask = 2147483647;
			files = (
				B01ED88018EEB6D40062AB4A /* CommonTools.m in Sources */,
				B06802A518F7164E00DAE740 /* GameSceneController.m in Sources */,
				B01ED85F18ED4FF90062AB4A /* GameObject.m in Sources */,
				B01ED87A18EEAEDC0062AB4A /* ParallaxBG.m in Sources */,
				B0FF195218F1DBF700560E5E /* RunnerDataModel.xcdatamodel in Sources */,
				B00DB9AC18ED48EF00460930 /* GameScene.m in Sources */,
				B06802A818F7184200DAE740 /* HighScoresController.m in Sources */,
				B0FF194518F1DB8900560E5E /* HighScoreManager.m in Sources */,
				B01ED85918ED4FD50062AB4A /* Barrier.m in Sources */,
				B00DB9A918ED48EF00460930 /* MainScreenController.m in Sources */,
				B0FF195018F1DBDA00560E5E /* DBAccessLayer.m in Sources */,
				B01ED86718ED57370062AB4A /* ContactManager.m in Sources */,
				B00DB9A318ED48EF00460930 /* AppDelegate.m in Sources */,
				B00DB99F18ED48EF00460930 /* main.m in Sources */,
				B01ED85618ED4FAB0062AB4A /* Runner.m in Sources */,
				B06802AD18F71C7000DAE740 /* HighScoreCell.m in Sources */,
				B0FF194918F1DBAB00560E5E /* HighScoreHelper.m in Sources */,
				B0FF194D18F1DBD000560E5E /* HighScores.m in Sources */,
				B01ED85C18ED4FE70062AB4A /* Ground.m in Sources */,
			);
			runOnlyForDeploymentPostprocessing = 0;
		};
		B00DB9B118ED48EF00460930 /* Sources */ = {
			isa = PBXSourcesBuildPhase;
			buildActionMask = 2147483647;
			files = (
				B00DB9C318ED48EF00460930 /* RunnerGameTests.m in Sources */,
			);
			runOnlyForDeploymentPostprocessing = 0;
		};
/* End PBXSourcesBuildPhase section */

/* Begin PBXTargetDependency section */
		B00DB9BB18ED48EF00460930 /* PBXTargetDependency */ = {
			isa = PBXTargetDependency;
			target = B00DB98C18ED48EE00460930 /* RunnerGame */;
			targetProxy = B00DB9BA18ED48EF00460930 /* PBXContainerItemProxy */;
		};
/* End PBXTargetDependency section */

/* Begin PBXVariantGroup section */
		B00DB99B18ED48EF00460930 /* InfoPlist.strings */ = {
			isa = PBXVariantGroup;
			children = (
				B00DB99C18ED48EF00460930 /* en */,
			);
			name = InfoPlist.strings;
			sourceTree = "<group>";
		};
		B00DB9A418ED48EF00460930 /* Main.storyboard */ = {
			isa = PBXVariantGroup;
			children = (
				B00DB9A518ED48EF00460930 /* Base */,
			);
			name = Main.storyboard;
			sourceTree = "<group>";
		};
		B00DB9BF18ED48EF00460930 /* InfoPlist.strings */ = {
			isa = PBXVariantGroup;
			children = (
				B00DB9C018ED48EF00460930 /* en */,
			);
			name = InfoPlist.strings;
			sourceTree = "<group>";
		};
/* End PBXVariantGroup section */

/* Begin XCBuildConfiguration section */
		B00DB9C418ED48EF00460930 /* Debug */ = {
			isa = XCBuildConfiguration;
			buildSettings = {
				ALWAYS_SEARCH_USER_PATHS = NO;
				CLANG_CXX_LANGUAGE_STANDARD = "gnu++0x";
				CLANG_CXX_LIBRARY = "libc++";
				CLANG_ENABLE_MODULES = YES;
				CLANG_ENABLE_OBJC_ARC = YES;
				CLANG_WARN_BOOL_CONVERSION = YES;
				CLANG_WARN_CONSTANT_CONVERSION = YES;
				CLANG_WARN_DIRECT_OBJC_ISA_USAGE = YES_ERROR;
				CLANG_WARN_EMPTY_BODY = YES;
				CLANG_WARN_ENUM_CONVERSION = YES;
				CLANG_WARN_INT_CONVERSION = YES;
				CLANG_WARN_OBJC_ROOT_CLASS = YES_ERROR;
				CLANG_WARN__DUPLICATE_METHOD_MATCH = YES;
				"CODE_SIGN_IDENTITY[sdk=iphoneos*]" = "iPhone Developer";
				COPY_PHASE_STRIP = NO;
				GCC_C_LANGUAGE_STANDARD = gnu99;
				GCC_DYNAMIC_NO_PIC = NO;
				GCC_OPTIMIZATION_LEVEL = 0;
				GCC_PREPROCESSOR_DEFINITIONS = (
					"DEBUG=1",
					"$(inherited)",
				);
				GCC_SYMBOLS_PRIVATE_EXTERN = NO;
				GCC_WARN_64_TO_32_BIT_CONVERSION = YES;
				GCC_WARN_ABOUT_RETURN_TYPE = YES_ERROR;
				GCC_WARN_UNDECLARED_SELECTOR = YES;
				GCC_WARN_UNINITIALIZED_AUTOS = YES_AGGRESSIVE;
				GCC_WARN_UNUSED_FUNCTION = YES;
				GCC_WARN_UNUSED_VARIABLE = YES;
				IPHONEOS_DEPLOYMENT_TARGET = 7.1;
				ONLY_ACTIVE_ARCH = YES;
				SDKROOT = iphoneos;
			};
			name = Debug;
		};
		B00DB9C518ED48EF00460930 /* Release */ = {
			isa = XCBuildConfiguration;
			buildSettings = {
				ALWAYS_SEARCH_USER_PATHS = NO;
				CLANG_CXX_LANGUAGE_STANDARD = "gnu++0x";
				CLANG_CXX_LIBRARY = "libc++";
				CLANG_ENABLE_MODULES = YES;
				CLANG_ENABLE_OBJC_ARC = YES;
				CLANG_WARN_BOOL_CONVERSION = YES;
				CLANG_WARN_CONSTANT_CONVERSION = YES;
				CLANG_WARN_DIRECT_OBJC_ISA_USAGE = YES_ERROR;
				CLANG_WARN_EMPTY_BODY = YES;
				CLANG_WARN_ENUM_CONVERSION = YES;
				CLANG_WARN_INT_CONVERSION = YES;
				CLANG_WARN_OBJC_ROOT_CLASS = YES_ERROR;
				CLANG_WARN__DUPLICATE_METHOD_MATCH = YES;
				"CODE_SIGN_IDENTITY[sdk=iphoneos*]" = "iPhone Developer";
				COPY_PHASE_STRIP = YES;
				ENABLE_NS_ASSERTIONS = NO;
				GCC_C_LANGUAGE_STANDARD = gnu99;
				GCC_WARN_64_TO_32_BIT_CONVERSION = YES;
				GCC_WARN_ABOUT_RETURN_TYPE = YES_ERROR;
				GCC_WARN_UNDECLARED_SELECTOR = YES;
				GCC_WARN_UNINITIALIZED_AUTOS = YES_AGGRESSIVE;
				GCC_WARN_UNUSED_FUNCTION = YES;
				GCC_WARN_UNUSED_VARIABLE = YES;
				IPHONEOS_DEPLOYMENT_TARGET = 7.1;
				SDKROOT = iphoneos;
				VALIDATE_PRODUCT = YES;
			};
			name = Release;
		};
		B00DB9C718ED48EF00460930 /* Debug */ = {
			isa = XCBuildConfiguration;
			buildSettings = {
				ASSETCATALOG_COMPILER_APPICON_NAME = AppIcon;
				ASSETCATALOG_COMPILER_LAUNCHIMAGE_NAME = LaunchImage;
				CODE_SIGN_IDENTITY = "iPhone Developer";
				"CODE_SIGN_IDENTITY[sdk=iphoneos*]" = "iPhone Developer";
				GCC_PRECOMPILE_PREFIX_HEADER = YES;
				GCC_PREFIX_HEADER = "RunnerGame/RunnerGame-Prefix.pch";
				INFOPLIST_FILE = "RunnerGame/RunnerGame-Info.plist";
				IPHONEOS_DEPLOYMENT_TARGET = 7.1;
				PRODUCT_NAME = "$(TARGET_NAME)";
				PROVISIONING_PROFILE = "";
				SPRITEKIT_TEXTURE_ATLAS_OUTPUT = YES;
				WRAPPER_EXTENSION = app;
			};
			name = Debug;
		};
		B00DB9C818ED48EF00460930 /* Release */ = {
			isa = XCBuildConfiguration;
			buildSettings = {
				ASSETCATALOG_COMPILER_APPICON_NAME = AppIcon;
				ASSETCATALOG_COMPILER_LAUNCHIMAGE_NAME = LaunchImage;
				CODE_SIGN_IDENTITY = "iPhone Developer";
				"CODE_SIGN_IDENTITY[sdk=iphoneos*]" = "iPhone Developer";
				GCC_PRECOMPILE_PREFIX_HEADER = YES;
				GCC_PREFIX_HEADER = "RunnerGame/RunnerGame-Prefix.pch";
				INFOPLIST_FILE = "RunnerGame/RunnerGame-Info.plist";
				IPHONEOS_DEPLOYMENT_TARGET = 7.1;
				PRODUCT_NAME = "$(TARGET_NAME)";
				PROVISIONING_PROFILE = "";
				SPRITEKIT_TEXTURE_ATLAS_OUTPUT = YES;
				WRAPPER_EXTENSION = app;
			};
			name = Release;
		};
		B00DB9CA18ED48EF00460930 /* Debug */ = {
			isa = XCBuildConfiguration;
			buildSettings = {
				BUNDLE_LOADER = "$(BUILT_PRODUCTS_DIR)/RunnerGame.app/RunnerGame";
				FRAMEWORK_SEARCH_PATHS = (
					"$(SDKROOT)/Developer/Library/Frameworks",
					"$(inherited)",
					"$(DEVELOPER_FRAMEWORKS_DIR)",
				);
				GCC_PRECOMPILE_PREFIX_HEADER = YES;
				GCC_PREFIX_HEADER = "RunnerGame/RunnerGame-Prefix.pch";
				GCC_PREPROCESSOR_DEFINITIONS = (
					"DEBUG=1",
					"$(inherited)",
				);
				INFOPLIST_FILE = "RunnerGameTests/RunnerGameTests-Info.plist";
				PRODUCT_NAME = "$(TARGET_NAME)";
				TEST_HOST = "$(BUNDLE_LOADER)";
				WRAPPER_EXTENSION = xctest;
			};
			name = Debug;
		};
		B00DB9CB18ED48EF00460930 /* Release */ = {
			isa = XCBuildConfiguration;
			buildSettings = {
				BUNDLE_LOADER = "$(BUILT_PRODUCTS_DIR)/RunnerGame.app/RunnerGame";
				FRAMEWORK_SEARCH_PATHS = (
					"$(SDKROOT)/Developer/Library/Frameworks",
					"$(inherited)",
					"$(DEVELOPER_FRAMEWORKS_DIR)",
				);
				GCC_PRECOMPILE_PREFIX_HEADER = YES;
				GCC_PREFIX_HEADER = "RunnerGame/RunnerGame-Prefix.pch";
				INFOPLIST_FILE = "RunnerGameTests/RunnerGameTests-Info.plist";
				PRODUCT_NAME = "$(TARGET_NAME)";
				TEST_HOST = "$(BUNDLE_LOADER)";
				WRAPPER_EXTENSION = xctest;
			};
			name = Release;
		};
/* End XCBuildConfiguration section */

/* Begin XCConfigurationList section */
		B00DB98818ED48EE00460930 /* Build configuration list for PBXProject "RunnerGame" */ = {
			isa = XCConfigurationList;
			buildConfigurations = (
				B00DB9C418ED48EF00460930 /* Debug */,
				B00DB9C518ED48EF00460930 /* Release */,
			);
			defaultConfigurationIsVisible = 0;
			defaultConfigurationName = Release;
		};
		B00DB9C618ED48EF00460930 /* Build configuration list for PBXNativeTarget "RunnerGame" */ = {
			isa = XCConfigurationList;
			buildConfigurations = (
				B00DB9C718ED48EF00460930 /* Debug */,
				B00DB9C818ED48EF00460930 /* Release */,
			);
			defaultConfigurationIsVisible = 0;
			defaultConfigurationName = Release;
		};
		B00DB9C918ED48EF00460930 /* Build configuration list for PBXNativeTarget "RunnerGameTests" */ = {
			isa = XCConfigurationList;
			buildConfigurations = (
				B00DB9CA18ED48EF00460930 /* Debug */,
				B00DB9CB18ED48EF00460930 /* Release */,
			);
			defaultConfigurationIsVisible = 0;
			defaultConfigurationName = Release;
		};
/* End XCConfigurationList section */
	};
	rootObject = B00DB98518ED48EE00460930 /* Project object */;
}
